PODS:
  - AFNetworking (3.1.0):
    - AFNetworking/NSURLSession (= 3.1.0)
    - AFNetworking/Reachability (= 3.1.0)
    - AFNetworking/Security (= 3.1.0)
    - AFNetworking/Serialization (= 3.1.0)
    - AFNetworking/UIKit (= 3.1.0)
  - AFNetworking/NSURLSession (3.1.0):
    - AFNetworking/Reachability
    - AFNetworking/Security
    - AFNetworking/Serialization
  - AFNetworking/Reachability (3.1.0)
  - AFNetworking/Security (3.1.0)
  - AFNetworking/Serialization (3.1.0)
  - AFNetworking/UIKit (3.1.0):
    - AFNetworking/NSURLSession
  - Aspects (1.4.1)
  - AvoidCrash (1.6.7)
  - CRToast (0.0.9)
  - DCCLogSystem (0.1.2)
  - DJDebug (0.1.1):
    - Aspects (~> 1.4.1)
  - DJMacros (0.7.13):
    - DJMacros/Extension (= 0.7.13)
    - TTTAttributedLabel (~> 2.0.0)
  - DJMacros/Extension (0.7.13):
    - TTTAttributedLabel (~> 2.0.0)
  - DJNetworking (0.1.2):
    - AFNetworking (~> 3.1.0)
  - DLPhotoPicker (1.0.8):
    - PureLayout (~> 3.0.0)
    - SVProgressHUD
    - TOCropViewController
  - DZNEmptyDataSet (1.8.1)
  - FontAwesomeKit (2.2.0):
    - FontAwesomeKit/Core (= 2.2.0)
    - FontAwesomeKit/FontAwesome (= 2.2.0)
    - FontAwesomeKit/FoundationIcons (= 2.2.0)
    - FontAwesomeKit/IonIcons (= 2.2.0)
    - FontAwesomeKit/Zocial (= 2.2.0)
  - FontAwesomeKit/Core (2.2.0)
  - FontAwesomeKit/FontAwesome (2.2.0):
    - FontAwesomeKit/Core
  - FontAwesomeKit/FoundationIcons (2.2.0):
    - FontAwesomeKit/Core
  - FontAwesomeKit/IonIcons (2.2.0):
    - FontAwesomeKit/Core
  - FontAwesomeKit/Zocial (2.2.0):
    - FontAwesomeKit/Core
  - JHChainableAnimations (1.3.0)
  - JTNavigationController (1.0.1)
  - JYCarousel (0.0.1)
  - KKCategories (0.3.7)
  - KVOController (1.2.0)
  - MagicalRecord (2.3.2):
    - MagicalRecord/Core (= 2.3.2)
  - MagicalRecord/Core (2.3.2)
  - MBProgressHUD (1.0.0)
  - MGSwipeTableCell (1.5.6)
  - MJExtension (3.0.13)
  - PDTSimpleCalendar (0.9.1)
  - PureLayout (3.0.2)
  - ReactiveCocoa (2.5):
    - ReactiveCocoa/UI (= 2.5)
  - ReactiveCocoa/Core (2.5):
    - ReactiveCocoa/no-arc
  - ReactiveCocoa/no-arc (2.5)
  - ReactiveCocoa/UI (2.5):
    - ReactiveCocoa/Core
  - RTRootNavigationController (0.5.22)
  - SDWebImage (3.8.2):
    - SDWebImage/Core (= 3.8.2)
  - SDWebImage/Core (3.8.2)
  - SlackTextViewController (1.9.5)
  - SVProgressHUD (2.1.2)
  - Toast (3.1.0)
  - TOCropViewController (2.0.11)
  - TTTAttributedLabel (2.0.0)
  - XMAdScrollView (1.3):
    - SDWebImage
  - ZLPhotoBrowser (2.0.2)

DEPENDENCIES:
  - AvoidCrash
  - CRToast
  - DCCLogSystem (~> 0.1.2)
  - DJDebug (~> 0.1.1)
  - DJMacros (~> 0.7.12)
  - DJNetworking
  - DLPhotoPicker
  - DZNEmptyDataSet
  - FontAwesomeKit
  - JHChainableAnimations (~> 1.3.0)
  - JTNavigationController
  - JYCarousel
  - KKCategories (~> 0.3.7)
  - KVOController
  - MagicalRecord
  - MBProgressHUD
  - MGSwipeTableCell
  - MJExtension
  - PDTSimpleCalendar
  - ReactiveCocoa (~> 2.5)
  - RTRootNavigationController
  - SlackTextViewController
  - Toast (~> 3.1.0)
  - XMAdScrollView (~> 1.3)
  - ZLPhotoBrowser

SPEC CHECKSUMS:
  AFNetworking: 5e0e199f73d8626b11e79750991f5d173d1f8b67
  Aspects: 7595ba96a6727a58ebcbfc954497fc5d2fdde546
  AvoidCrash: 74136074de17bde312719c0b44fa0c9b26a4b652
  CRToast: 5a78c22b921c5ed3487488af605bc403a9c92fed
  DCCLogSystem: 8be2405e139cd033c23cf00bc183972bc5649599
  DJDebug: 57909f2bf0dcbaf9a5fdd719badd63a4730d8446
  DJMacros: 5de71afaed7a185aefc03c7443ded20097909eb4
  DJNetworking: 6c9612fd86cf662268f079ab446b48068a142467
  DLPhotoPicker: fcf1c1b0479893e0d0179fb38992ca3a4eb3e6a2
  DZNEmptyDataSet: 9525833b9e68ac21c30253e1d3d7076cc828eaa7
  FontAwesomeKit: 025fd4dd1017fe4e3f8d47b03e024deedbb33cd4
  JHChainableAnimations: 22085fcb04ca87349e584573558e637f659fd769
  JTNavigationController: a3563e6d1adbd00301af8f049e546342fad7ffa9
  JYCarousel: 9b003d72fb93d2f10cef2978b1dc16754d6535bf
  KKCategories: 08cdfd9bf9e6fa9a7093ea401f095a06c016740e
  KVOController: d72ace34afea42468329623b3379ab3cd1d286b6
  MagicalRecord: 53bed74b4323b930992a725be713e53b37d19755
  MBProgressHUD: 4890f671c94e8a0f3cf959aa731e9de2f036d71a
  MGSwipeTableCell: 616700eb0ffd1c611ba909066cb7fd739790a0a7
  MJExtension: 5932755f451458eefa24239358817f8d291240c7
  PDTSimpleCalendar: d1c03387678422715dc021aa1a85d70f4d1014f2
  PureLayout: 4d550abe49a94f24c2808b9b95db9131685fe4cd
  ReactiveCocoa: e2db045570aa97c695e7aa97c2bcab222ae51f4a
  RTRootNavigationController: cf134c044a8ce14d97fc668847ed4567efc53f91
  SDWebImage: 098e97e6176540799c27e804c96653ee0833d13c
  SlackTextViewController: fbcdadbb8090673f604484ff5b6eb8d77baed42a
  SVProgressHUD: c404a55d78acbeb7ebb78b76d3faf986475a6994
  Toast: 14a93686d6c8bfe2727afd342414e35660a8a1f3
  TOCropViewController: fe91aaab9e95d72ac38654d1174c8c8339585ee5
  TTTAttributedLabel: 8cffe8e127e4e82ff3af1e5386d4cd0ad000b656
  XMAdScrollView: 0ed2905246026cc4315f669417d47970a7ad6106
  ZLPhotoBrowser: 1fe6c127883140e0ffe56adc2fdafbd82c309d22

PODFILE CHECKSUM: 27cb929c3ea7b1422e519cab91cf2eb0024f629d

COCOAPODS: 1.2.0.beta.1
