PODS:
  - DJMacros (0.7.4):
    - DJMacros/Extension (= 0.7.4)
  - DJMacros/Extension (0.7.4)
  - JHChainableAnimations (1.3.0)
  - KKCategories (0.3.3)

DEPENDENCIES:
  - DJMacros (~> 0.7.4)
  - JHChainableAnimations (~> 1.3.0)
  - KKCategories (~> 0.3.3)

SPEC CHECKSUMS:
  DJMacros: 6fe6e9d86e3cfb98276c29303b6b75f58124b098
  JHChainableAnimations: 22085fcb04ca87349e584573558e637f659fd769
  KKCategories: 14f23a81139cdfade355daf215f6513e23157158

PODFILE CHECKSUM: e80cf3430a847bca661ccd8241e98cd184bd66e1

COCOAPODS: 1.1.1
