// !$*UTF8*$!
{
	archiveVersion = 1;
	classes = {
	};
	objectVersion = 46;
	objects = {

/* Begin PBXBuildFile section */
		6003F58E195388D20070C39A /* Foundation.framework in Frameworks */ = {isa = PBXBuildFile; fileRef = 6003F58D195388D20070C39A /* Foundation.framework */; };
		6003F590195388D20070C39A /* CoreGraphics.framework in Frameworks */ = {isa = PBXBuildFile; fileRef = 6003F58F195388D20070C39A /* CoreGraphics.framework */; };
		6003F592195388D20070C39A /* UIKit.framework in Frameworks */ = {isa = PBXBuildFile; fileRef = 6003F591195388D20070C39A /* UIKit.framework */; };
		6003F598195388D20070C39A /* InfoPlist.strings in Resources */ = {isa = PBXBuildFile; fileRef = 6003F596195388D20070C39A /* InfoPlist.strings */; };
		6003F59A195388D20070C39A /* main.m in Sources */ = {isa = PBXBuildFile; fileRef = 6003F599195388D20070C39A /* main.m */; };
		6003F59E195388D20070C39A /* VSAppDelegate.m in Sources */ = {isa = PBXBuildFile; fileRef = 6003F59D195388D20070C39A /* VSAppDelegate.m */; };
		6003F5A7195388D20070C39A /* VSHomeViewController.m in Sources */ = {isa = PBXBuildFile; fileRef = 6003F5A6195388D20070C39A /* VSHomeViewController.m */; };
		6003F5A9195388D20070C39A /* Images.xcassets in Resources */ = {isa = PBXBuildFile; fileRef = 6003F5A8195388D20070C39A /* Images.xcassets */; };
		6003F5B0195388D20070C39A /* XCTest.framework in Frameworks */ = {isa = PBXBuildFile; fileRef = 6003F5AF195388D20070C39A /* XCTest.framework */; };
		6003F5B1195388D20070C39A /* Foundation.framework in Frameworks */ = {isa = PBXBuildFile; fileRef = 6003F58D195388D20070C39A /* Foundation.framework */; };
		6003F5B2195388D20070C39A /* UIKit.framework in Frameworks */ = {isa = PBXBuildFile; fileRef = 6003F591195388D20070C39A /* UIKit.framework */; };
		6003F5BA195388D20070C39A /* InfoPlist.strings in Resources */ = {isa = PBXBuildFile; fileRef = 6003F5B8195388D20070C39A /* InfoPlist.strings */; };
		6003F5BC195388D20070C39A /* Tests.m in Sources */ = {isa = PBXBuildFile; fileRef = 6003F5BB195388D20070C39A /* Tests.m */; };
		873B8AEB1B1F5CCA007FD442 /* Main.storyboard in Resources */ = {isa = PBXBuildFile; fileRef = 873B8AEA1B1F5CCA007FD442 /* Main.storyboard */; };
		9493CEB58A379AA6F8CE5540 /* Pods_VisionUIKit_Example.framework in Frameworks */ = {isa = PBXBuildFile; fileRef = FF6BE3CB83BCD8B37C3C69D4 /* Pods_VisionUIKit_Example.framework */; };
		C912E6D41E0E89710011C89E /* VSMenuViewController.m in Sources */ = {isa = PBXBuildFile; fileRef = C912E6D31E0E89710011C89E /* VSMenuViewController.m */; };
		C912E6D81E0F51C70011C89E /* VSUser.m in Sources */ = {isa = PBXBuildFile; fileRef = C912E6D71E0F51C70011C89E /* VSUser.m */; };
		C923A4E11E1E232500F7A92B /* VSNetUser.m in Sources */ = {isa = PBXBuildFile; fileRef = C923A4E01E1E232500F7A92B /* VSNetUser.m */; };
		C9289B831E13AAC400F83DCD /* VSPhotoPickerViewController.m in Sources */ = {isa = PBXBuildFile; fileRef = C9289B821E13AAC400F83DCD /* VSPhotoPickerViewController.m */; };
		C9289B861E13B2C000F83DCD /* VSPhotoCollectionViewCell.m in Sources */ = {isa = PBXBuildFile; fileRef = C9289B851E13B2C000F83DCD /* VSPhotoCollectionViewCell.m */; };
		C92C8F4D1E03C295002CFFF1 /* VSDataModel.m in Sources */ = {isa = PBXBuildFile; fileRef = C92C8F441E03C295002CFFF1 /* VSDataModel.m */; };
		C92C8F4E1E03C295002CFFF1 /* VSErrorDataModel.m in Sources */ = {isa = PBXBuildFile; fileRef = C92C8F461E03C295002CFFF1 /* VSErrorDataModel.m */; };
		C92C8F4F1E03C295002CFFF1 /* VSUserDataModel.m in Sources */ = {isa = PBXBuildFile; fileRef = C92C8F481E03C295002CFFF1 /* VSUserDataModel.m */; };
		C92C8F501E03C295002CFFF1 /* VSViewModel.m in Sources */ = {isa = PBXBuildFile; fileRef = C92C8F4A1E03C295002CFFF1 /* VSViewModel.m */; };
		C92C8F541E03C95B002CFFF1 /* VSHttpClient.m in Sources */ = {isa = PBXBuildFile; fileRef = C92C8F531E03C95B002CFFF1 /* VSHttpClient.m */; };
		C933440F1E20E810000B0041 /* VisionUIKit.bundle in Resources */ = {isa = PBXBuildFile; fileRef = C933440E1E20E810000B0041 /* VisionUIKit.bundle */; };
		C93344131E20E92F000B0041 /* NSBundle+VisionUIKit.m in Sources */ = {isa = PBXBuildFile; fileRef = C93344121E20E92F000B0041 /* NSBundle+VisionUIKit.m */; };
		C93344191E20F46C000B0041 /* UIImage+Bundle.m in Sources */ = {isa = PBXBuildFile; fileRef = C93344181E20F46C000B0041 /* UIImage+Bundle.m */; };
		C93344201E210F84000B0041 /* VSBaseTabBarController.m in Sources */ = {isa = PBXBuildFile; fileRef = C933441F1E210F84000B0041 /* VSBaseTabBarController.m */; };
		C93344231E21107C000B0041 /* VSMyTabViewController.m in Sources */ = {isa = PBXBuildFile; fileRef = C93344221E21107C000B0041 /* VSMyTabViewController.m */; };
		C93344271E21E328000B0041 /* UITabBar+Swizzling.m in Sources */ = {isa = PBXBuildFile; fileRef = C93344261E21E328000B0041 /* UITabBar+Swizzling.m */; };
		C94A79071DF568E4003F8BFF /* VSInputManager.m in Sources */ = {isa = PBXBuildFile; fileRef = C94A79061DF568E4003F8BFF /* VSInputManager.m */; };
		C94C76F41E1B86AC00B9223D /* VSBaseTableViewController.m in Sources */ = {isa = PBXBuildFile; fileRef = C94C76F01E1B86AC00B9223D /* VSBaseTableViewController.m */; };
		C94C76F51E1B86AC00B9223D /* VSBaseViewController.m in Sources */ = {isa = PBXBuildFile; fileRef = C94C76F21E1B86AC00B9223D /* VSBaseViewController.m */; };
		C94C76FB1E1C97A500B9223D /* VSNetworkDataConstructor.m in Sources */ = {isa = PBXBuildFile; fileRef = C94C76FA1E1C97A500B9223D /* VSNetworkDataConstructor.m */; };
		C94C76FF1E1C9EF300B9223D /* VSNetworkTableViewController.m in Sources */ = {isa = PBXBuildFile; fileRef = C94C76FE1E1C9EF300B9223D /* VSNetworkTableViewController.m */; };
		C94C77021E1C9F3200B9223D /* VSNetworkMyConstructor.m in Sources */ = {isa = PBXBuildFile; fileRef = C94C77011E1C9F3200B9223D /* VSNetworkMyConstructor.m */; };
		C94C86891E276123008AA49F /* VSIBImageView.m in Sources */ = {isa = PBXBuildFile; fileRef = C94C86841E276123008AA49F /* VSIBImageView.m */; };
		C94C868A1E276123008AA49F /* VSIBBroswerView.m in Sources */ = {isa = PBXBuildFile; fileRef = C94C86861E276123008AA49F /* VSIBBroswerView.m */; };
		C94C868B1E276123008AA49F /* VSIBCollectionViewCell.m in Sources */ = {isa = PBXBuildFile; fileRef = C94C86881E276123008AA49F /* VSIBCollectionViewCell.m */; };
		C94C868E1E276129008AA49F /* UIView+VSIBExtension.m in Sources */ = {isa = PBXBuildFile; fileRef = C94C868D1E276129008AA49F /* UIView+VSIBExtension.m */; };
		C94C86921E276190008AA49F /* ImageBrowserViewController.m in Sources */ = {isa = PBXBuildFile; fileRef = C94C86911E276190008AA49F /* ImageBrowserViewController.m */; };
		C94C86991E2761C5008AA49F /* 火影01.png in Resources */ = {isa = PBXBuildFile; fileRef = C94C86941E2761C5008AA49F /* 火影01.png */; };
		C94C869A1E2761C5008AA49F /* 火影02.png in Resources */ = {isa = PBXBuildFile; fileRef = C94C86951E2761C5008AA49F /* 火影02.png */; };
		C94C869B1E2761C5008AA49F /* 火影03.png in Resources */ = {isa = PBXBuildFile; fileRef = C94C86961E2761C5008AA49F /* 火影03.png */; };
		C94C869C1E2761C5008AA49F /* 火影04.png in Resources */ = {isa = PBXBuildFile; fileRef = C94C86971E2761C5008AA49F /* 火影04.png */; };
		C94C869D1E2761C5008AA49F /* 火影05.png in Resources */ = {isa = PBXBuildFile; fileRef = C94C86981E2761C5008AA49F /* 火影05.png */; };
		C94C86A11E28A842008AA49F /* VSRouter.m in Sources */ = {isa = PBXBuildFile; fileRef = C94C86A01E28A842008AA49F /* VSRouter.m */; };
		C95FBFA71E260F9E004A196C /* VSMVVMViewController.m in Sources */ = {isa = PBXBuildFile; fileRef = C95FBFA61E260F9E004A196C /* VSMVVMViewController.m */; };
		C95FBFBA1E2612C6004A196C /* VSMVVMModel.m in Sources */ = {isa = PBXBuildFile; fileRef = C95FBFB31E2612C6004A196C /* VSMVVMModel.m */; };
		C95FBFBB1E2612C6004A196C /* VSMVVMViewModel.m in Sources */ = {isa = PBXBuildFile; fileRef = C95FBFB61E2612C6004A196C /* VSMVVMViewModel.m */; };
		C95FBFBC1E2612C6004A196C /* VSMVVMView.m in Sources */ = {isa = PBXBuildFile; fileRef = C95FBFB91E2612C6004A196C /* VSMVVMView.m */; };
		C97AEC081DDD73A800586B80 /* VSSheetView.m in Sources */ = {isa = PBXBuildFile; fileRef = C97AEC071DDD73A800586B80 /* VSSheetView.m */; };
		C9ACEF4D1DF8111700F84905 /* NSMutableAttributedString+Category.m in Sources */ = {isa = PBXBuildFile; fileRef = C9ACEF4C1DF8111700F84905 /* NSMutableAttributedString+Category.m */; };
		C9B70ED91E03EB1F003E3285 /* VSConfig.m in Sources */ = {isa = PBXBuildFile; fileRef = C9B70ED81E03EB1F003E3285 /* VSConfig.m */; };
		C9EE86321DEA79CF0045B889 /* VSButtonTableViewCell.m in Sources */ = {isa = PBXBuildFile; fileRef = C9EE86311DEA79CF0045B889 /* VSButtonTableViewCell.m */; };
		C9F9FE401DE03B3F00339937 /* VSNormalDataConstructor.m in Sources */ = {isa = PBXBuildFile; fileRef = C9F9FE3F1DE03B3F00339937 /* VSNormalDataConstructor.m */; };
		C9F9FE441DE03B7700339937 /* VSTableViewController.m in Sources */ = {isa = PBXBuildFile; fileRef = C9F9FE431DE03B7700339937 /* VSTableViewController.m */; };
		C9F9FE481DE03DE900339937 /* VSTableView.m in Sources */ = {isa = PBXBuildFile; fileRef = C9F9FE471DE03DE900339937 /* VSTableView.m */; };
		C9F9FE4C1DE03ED300339937 /* VSTableAdaptor.m in Sources */ = {isa = PBXBuildFile; fileRef = C9F9FE4B1DE03ED300339937 /* VSTableAdaptor.m */; };
		C9F9FE4F1DE044C900339937 /* VSEmptyTableViewCell.m in Sources */ = {isa = PBXBuildFile; fileRef = C9F9FE4E1DE044C900339937 /* VSEmptyTableViewCell.m */; };
		C9F9FE521DE04D1E00339937 /* VSTBViewConstructor.m in Sources */ = {isa = PBXBuildFile; fileRef = C9F9FE511DE04D1E00339937 /* VSTBViewConstructor.m */; };
		C9F9FE581DE05FF700339937 /* VSBaseTableViewCell.m in Sources */ = {isa = PBXBuildFile; fileRef = C9F9FE571DE05FF700339937 /* VSBaseTableViewCell.m */; };
		C9F9FE621DE131EF00339937 /* VSTitleDetailTableViewCell.m in Sources */ = {isa = PBXBuildFile; fileRef = C9F9FE611DE131EF00339937 /* VSTitleDetailTableViewCell.m */; };
		C9F9FE671DE185E000339937 /* VSTitleImageTableViewCell.m in Sources */ = {isa = PBXBuildFile; fileRef = C9F9FE661DE185E000339937 /* VSTitleImageTableViewCell.m */; };
		C9F9FE6D1DE18FCE00339937 /* VSTitleTableViewCell.m in Sources */ = {isa = PBXBuildFile; fileRef = C9F9FE6C1DE18FCE00339937 /* VSTitleTableViewCell.m */; };
		C9F9FE731DE1D21D00339937 /* VSTitleFieldTableViewCell.m in Sources */ = {isa = PBXBuildFile; fileRef = C9F9FE721DE1D21D00339937 /* VSTitleFieldTableViewCell.m */; };
		C9F9FE771DE1DEDA00339937 /* VSTextField.m in Sources */ = {isa = PBXBuildFile; fileRef = C9F9FE761DE1DEDA00339937 /* VSTextField.m */; };
		C9FDFB191DDA9B24009DBD67 /* .gitkeep in Resources */ = {isa = PBXBuildFile; fileRef = C9FDFB151DDA9B24009DBD67 /* .gitkeep */; };
		C9FDFB1A1DDA9B24009DBD67 /* .gitkeep in Resources */ = {isa = PBXBuildFile; fileRef = C9FDFB171DDA9B24009DBD67 /* .gitkeep */; };
		C9FDFB201DDA9BED009DBD67 /* VSAlertView.m in Sources */ = {isa = PBXBuildFile; fileRef = C9FDFB1F1DDA9BED009DBD67 /* VSAlertView.m */; };
		D081A594312E94AA05DBFA60 /* Pods_VisionUIKit_Tests.framework in Frameworks */ = {isa = PBXBuildFile; fileRef = 077230F12419746E25C4D3FB /* Pods_VisionUIKit_Tests.framework */; };
/* End PBXBuildFile section */

/* Begin PBXContainerItemProxy section */
		6003F5B3195388D20070C39A /* PBXContainerItemProxy */ = {
			isa = PBXContainerItemProxy;
			containerPortal = 6003F582195388D10070C39A /* Project object */;
			proxyType = 1;
			remoteGlobalIDString = 6003F589195388D20070C39A;
			remoteInfo = VisionUIKit;
		};
/* End PBXContainerItemProxy section */

/* Begin PBXFileReference section */
		077230F12419746E25C4D3FB /* Pods_VisionUIKit_Tests.framework */ = {isa = PBXFileReference; explicitFileType = wrapper.framework; includeInIndex = 0; path = Pods_VisionUIKit_Tests.framework; sourceTree = BUILT_PRODUCTS_DIR; };
		1D0A778E6BF7DAE48E80D037 /* LICENSE */ = {isa = PBXFileReference; includeInIndex = 1; lastKnownFileType = text; name = LICENSE; path = ../LICENSE; sourceTree = "<group>"; };
		37A5ED92BE9AD5DAA7361A02 /* Pods-VisionUIKit_Tests.debug.xcconfig */ = {isa = PBXFileReference; includeInIndex = 1; lastKnownFileType = text.xcconfig; name = "Pods-VisionUIKit_Tests.debug.xcconfig"; path = "Pods/Target Support Files/Pods-VisionUIKit_Tests/Pods-VisionUIKit_Tests.debug.xcconfig"; sourceTree = "<group>"; };
		6003F58A195388D20070C39A /* VisionUIKit_Example.app */ = {isa = PBXFileReference; explicitFileType = wrapper.application; includeInIndex = 0; path = VisionUIKit_Example.app; sourceTree = BUILT_PRODUCTS_DIR; };
		6003F58D195388D20070C39A /* Foundation.framework */ = {isa = PBXFileReference; lastKnownFileType = wrapper.framework; name = Foundation.framework; path = System/Library/Frameworks/Foundation.framework; sourceTree = SDKROOT; };
		6003F58F195388D20070C39A /* CoreGraphics.framework */ = {isa = PBXFileReference; lastKnownFileType = wrapper.framework; name = CoreGraphics.framework; path = System/Library/Frameworks/CoreGraphics.framework; sourceTree = SDKROOT; };
		6003F591195388D20070C39A /* UIKit.framework */ = {isa = PBXFileReference; lastKnownFileType = wrapper.framework; name = UIKit.framework; path = System/Library/Frameworks/UIKit.framework; sourceTree = SDKROOT; };
		6003F595195388D20070C39A /* VisionUIKit-Info.plist */ = {isa = PBXFileReference; lastKnownFileType = text.plist.xml; path = "VisionUIKit-Info.plist"; sourceTree = "<group>"; };
		6003F597195388D20070C39A /* en */ = {isa = PBXFileReference; lastKnownFileType = text.plist.strings; name = en; path = en.lproj/InfoPlist.strings; sourceTree = "<group>"; };
		6003F599195388D20070C39A /* main.m */ = {isa = PBXFileReference; lastKnownFileType = sourcecode.c.objc; path = main.m; sourceTree = "<group>"; };
		6003F59B195388D20070C39A /* VisionUIKit-Prefix.pch */ = {isa = PBXFileReference; lastKnownFileType = sourcecode.c.h; path = "VisionUIKit-Prefix.pch"; sourceTree = "<group>"; };
		6003F59C195388D20070C39A /* VSAppDelegate.h */ = {isa = PBXFileReference; lastKnownFileType = sourcecode.c.h; path = VSAppDelegate.h; sourceTree = "<group>"; };
		6003F59D195388D20070C39A /* VSAppDelegate.m */ = {isa = PBXFileReference; lastKnownFileType = sourcecode.c.objc; path = VSAppDelegate.m; sourceTree = "<group>"; };
		6003F5A5195388D20070C39A /* VSHomeViewController.h */ = {isa = PBXFileReference; lastKnownFileType = sourcecode.c.h; path = VSHomeViewController.h; sourceTree = "<group>"; };
		6003F5A6195388D20070C39A /* VSHomeViewController.m */ = {isa = PBXFileReference; lastKnownFileType = sourcecode.c.objc; path = VSHomeViewController.m; sourceTree = "<group>"; };
		6003F5A8195388D20070C39A /* Images.xcassets */ = {isa = PBXFileReference; lastKnownFileType = folder.assetcatalog; path = Images.xcassets; sourceTree = "<group>"; };
		6003F5AE195388D20070C39A /* VisionUIKit_Tests.xctest */ = {isa = PBXFileReference; explicitFileType = wrapper.cfbundle; includeInIndex = 0; path = VisionUIKit_Tests.xctest; sourceTree = BUILT_PRODUCTS_DIR; };
		6003F5AF195388D20070C39A /* XCTest.framework */ = {isa = PBXFileReference; lastKnownFileType = wrapper.framework; name = XCTest.framework; path = Library/Frameworks/XCTest.framework; sourceTree = DEVELOPER_DIR; };
		6003F5B7195388D20070C39A /* Tests-Info.plist */ = {isa = PBXFileReference; lastKnownFileType = text.plist.xml; path = "Tests-Info.plist"; sourceTree = "<group>"; };
		6003F5B9195388D20070C39A /* en */ = {isa = PBXFileReference; lastKnownFileType = text.plist.strings; name = en; path = en.lproj/InfoPlist.strings; sourceTree = "<group>"; };
		6003F5BB195388D20070C39A /* Tests.m */ = {isa = PBXFileReference; lastKnownFileType = sourcecode.c.objc; path = Tests.m; sourceTree = "<group>"; };
		606FC2411953D9B200FFA9A0 /* Tests-Prefix.pch */ = {isa = PBXFileReference; lastKnownFileType = sourcecode.c.h; path = "Tests-Prefix.pch"; sourceTree = "<group>"; };
		78CB533053448306D88E1D3F /* Pods-VisionUIKit_Example.release.xcconfig */ = {isa = PBXFileReference; includeInIndex = 1; lastKnownFileType = text.xcconfig; name = "Pods-VisionUIKit_Example.release.xcconfig"; path = "Pods/Target Support Files/Pods-VisionUIKit_Example/Pods-VisionUIKit_Example.release.xcconfig"; sourceTree = "<group>"; };
		79618101804A40EC98D5E84D /* README.md */ = {isa = PBXFileReference; includeInIndex = 1; lastKnownFileType = net.daringfireball.markdown; name = README.md; path = ../README.md; sourceTree = "<group>"; };
		873B8AEA1B1F5CCA007FD442 /* Main.storyboard */ = {isa = PBXFileReference; fileEncoding = 4; lastKnownFileType = file.storyboard; path = Main.storyboard; sourceTree = "<group>"; };
		8DD3A8DA59E4695583A7F78C /* VisionUIKit.podspec */ = {isa = PBXFileReference; includeInIndex = 1; lastKnownFileType = text; name = VisionUIKit.podspec; path = ../VisionUIKit.podspec; sourceTree = "<group>"; };
		B651BC6B56631F5AA77527E3 /* Pods-VisionUIKit_Tests.release.xcconfig */ = {isa = PBXFileReference; includeInIndex = 1; lastKnownFileType = text.xcconfig; name = "Pods-VisionUIKit_Tests.release.xcconfig"; path = "Pods/Target Support Files/Pods-VisionUIKit_Tests/Pods-VisionUIKit_Tests.release.xcconfig"; sourceTree = "<group>"; };
		C912E6D21E0E89710011C89E /* VSMenuViewController.h */ = {isa = PBXFileReference; fileEncoding = 4; lastKnownFileType = sourcecode.c.h; path = VSMenuViewController.h; sourceTree = "<group>"; };
		C912E6D31E0E89710011C89E /* VSMenuViewController.m */ = {isa = PBXFileReference; fileEncoding = 4; lastKnownFileType = sourcecode.c.objc; path = VSMenuViewController.m; sourceTree = "<group>"; };
		C912E6D61E0F51C70011C89E /* VSUser.h */ = {isa = PBXFileReference; fileEncoding = 4; lastKnownFileType = sourcecode.c.h; path = VSUser.h; sourceTree = "<group>"; };
		C912E6D71E0F51C70011C89E /* VSUser.m */ = {isa = PBXFileReference; fileEncoding = 4; lastKnownFileType = sourcecode.c.objc; path = VSUser.m; sourceTree = "<group>"; };
		C923A4DF1E1E232500F7A92B /* VSNetUser.h */ = {isa = PBXFileReference; fileEncoding = 4; lastKnownFileType = sourcecode.c.h; path = VSNetUser.h; sourceTree = "<group>"; };
		C923A4E01E1E232500F7A92B /* VSNetUser.m */ = {isa = PBXFileReference; fileEncoding = 4; lastKnownFileType = sourcecode.c.objc; path = VSNetUser.m; sourceTree = "<group>"; };
		C9289B811E13AAC400F83DCD /* VSPhotoPickerViewController.h */ = {isa = PBXFileReference; fileEncoding = 4; lastKnownFileType = sourcecode.c.h; path = VSPhotoPickerViewController.h; sourceTree = "<group>"; };
		C9289B821E13AAC400F83DCD /* VSPhotoPickerViewController.m */ = {isa = PBXFileReference; fileEncoding = 4; lastKnownFileType = sourcecode.c.objc; path = VSPhotoPickerViewController.m; sourceTree = "<group>"; };
		C9289B841E13B2C000F83DCD /* VSPhotoCollectionViewCell.h */ = {isa = PBXFileReference; fileEncoding = 4; lastKnownFileType = sourcecode.c.h; path = VSPhotoCollectionViewCell.h; sourceTree = "<group>"; };
		C9289B851E13B2C000F83DCD /* VSPhotoCollectionViewCell.m */ = {isa = PBXFileReference; fileEncoding = 4; lastKnownFileType = sourcecode.c.objc; path = VSPhotoCollectionViewCell.m; sourceTree = "<group>"; };
		C92C8F431E03C295002CFFF1 /* VSDataModel.h */ = {isa = PBXFileReference; fileEncoding = 4; lastKnownFileType = sourcecode.c.h; path = VSDataModel.h; sourceTree = "<group>"; };
		C92C8F441E03C295002CFFF1 /* VSDataModel.m */ = {isa = PBXFileReference; fileEncoding = 4; lastKnownFileType = sourcecode.c.objc; path = VSDataModel.m; sourceTree = "<group>"; };
		C92C8F451E03C295002CFFF1 /* VSErrorDataModel.h */ = {isa = PBXFileReference; fileEncoding = 4; lastKnownFileType = sourcecode.c.h; path = VSErrorDataModel.h; sourceTree = "<group>"; };
		C92C8F461E03C295002CFFF1 /* VSErrorDataModel.m */ = {isa = PBXFileReference; fileEncoding = 4; lastKnownFileType = sourcecode.c.objc; path = VSErrorDataModel.m; sourceTree = "<group>"; };
		C92C8F471E03C295002CFFF1 /* VSUserDataModel.h */ = {isa = PBXFileReference; fileEncoding = 4; lastKnownFileType = sourcecode.c.h; path = VSUserDataModel.h; sourceTree = "<group>"; };
		C92C8F481E03C295002CFFF1 /* VSUserDataModel.m */ = {isa = PBXFileReference; fileEncoding = 4; lastKnownFileType = sourcecode.c.objc; path = VSUserDataModel.m; sourceTree = "<group>"; };
		C92C8F491E03C295002CFFF1 /* VSViewModel.h */ = {isa = PBXFileReference; fileEncoding = 4; lastKnownFileType = sourcecode.c.h; path = VSViewModel.h; sourceTree = "<group>"; };
		C92C8F4A1E03C295002CFFF1 /* VSViewModel.m */ = {isa = PBXFileReference; fileEncoding = 4; lastKnownFileType = sourcecode.c.objc; path = VSViewModel.m; sourceTree = "<group>"; };
		C92C8F4C1E03C295002CFFF1 /* VSSerializedProtocol.h */ = {isa = PBXFileReference; fileEncoding = 4; lastKnownFileType = sourcecode.c.h; path = VSSerializedProtocol.h; sourceTree = "<group>"; };
		C92C8F521E03C95B002CFFF1 /* VSHttpClient.h */ = {isa = PBXFileReference; fileEncoding = 4; lastKnownFileType = sourcecode.c.h; path = VSHttpClient.h; sourceTree = "<group>"; };
		C92C8F531E03C95B002CFFF1 /* VSHttpClient.m */ = {isa = PBXFileReference; fileEncoding = 4; lastKnownFileType = sourcecode.c.objc; path = VSHttpClient.m; sourceTree = "<group>"; };
		C933440E1E20E810000B0041 /* VisionUIKit.bundle */ = {isa = PBXFileReference; lastKnownFileType = "wrapper.plug-in"; path = VisionUIKit.bundle; sourceTree = "<group>"; };
		C93344111E20E92F000B0041 /* NSBundle+VisionUIKit.h */ = {isa = PBXFileReference; fileEncoding = 4; lastKnownFileType = sourcecode.c.h; path = "NSBundle+VisionUIKit.h"; sourceTree = "<group>"; };
		C93344121E20E92F000B0041 /* NSBundle+VisionUIKit.m */ = {isa = PBXFileReference; fileEncoding = 4; lastKnownFileType = sourcecode.c.objc; path = "NSBundle+VisionUIKit.m"; sourceTree = "<group>"; };
		C93344171E20F46C000B0041 /* UIImage+Bundle.h */ = {isa = PBXFileReference; fileEncoding = 4; lastKnownFileType = sourcecode.c.h; path = "UIImage+Bundle.h"; sourceTree = "<group>"; };
		C93344181E20F46C000B0041 /* UIImage+Bundle.m */ = {isa = PBXFileReference; fileEncoding = 4; lastKnownFileType = sourcecode.c.objc; path = "UIImage+Bundle.m"; sourceTree = "<group>"; };
		C933441E1E210F84000B0041 /* VSBaseTabBarController.h */ = {isa = PBXFileReference; fileEncoding = 4; lastKnownFileType = sourcecode.c.h; path = VSBaseTabBarController.h; sourceTree = "<group>"; };
		C933441F1E210F84000B0041 /* VSBaseTabBarController.m */ = {isa = PBXFileReference; fileEncoding = 4; lastKnownFileType = sourcecode.c.objc; path = VSBaseTabBarController.m; sourceTree = "<group>"; };
		C93344211E21107C000B0041 /* VSMyTabViewController.h */ = {isa = PBXFileReference; fileEncoding = 4; lastKnownFileType = sourcecode.c.h; path = VSMyTabViewController.h; sourceTree = "<group>"; };
		C93344221E21107C000B0041 /* VSMyTabViewController.m */ = {isa = PBXFileReference; fileEncoding = 4; lastKnownFileType = sourcecode.c.objc; path = VSMyTabViewController.m; sourceTree = "<group>"; };
		C93344251E21E328000B0041 /* UITabBar+Swizzling.h */ = {isa = PBXFileReference; fileEncoding = 4; lastKnownFileType = sourcecode.c.h; path = "UITabBar+Swizzling.h"; sourceTree = "<group>"; };
		C93344261E21E328000B0041 /* UITabBar+Swizzling.m */ = {isa = PBXFileReference; fileEncoding = 4; lastKnownFileType = sourcecode.c.objc; path = "UITabBar+Swizzling.m"; sourceTree = "<group>"; };
		C94A79051DF568E4003F8BFF /* VSInputManager.h */ = {isa = PBXFileReference; fileEncoding = 4; lastKnownFileType = sourcecode.c.h; path = VSInputManager.h; sourceTree = "<group>"; };
		C94A79061DF568E4003F8BFF /* VSInputManager.m */ = {isa = PBXFileReference; fileEncoding = 4; lastKnownFileType = sourcecode.c.objc; path = VSInputManager.m; sourceTree = "<group>"; };
		C94C76EF1E1B86AC00B9223D /* VSBaseTableViewController.h */ = {isa = PBXFileReference; fileEncoding = 4; lastKnownFileType = sourcecode.c.h; path = VSBaseTableViewController.h; sourceTree = "<group>"; };
		C94C76F01E1B86AC00B9223D /* VSBaseTableViewController.m */ = {isa = PBXFileReference; fileEncoding = 4; lastKnownFileType = sourcecode.c.objc; path = VSBaseTableViewController.m; sourceTree = "<group>"; };
		C94C76F11E1B86AC00B9223D /* VSBaseViewController.h */ = {isa = PBXFileReference; fileEncoding = 4; lastKnownFileType = sourcecode.c.h; path = VSBaseViewController.h; sourceTree = "<group>"; };
		C94C76F21E1B86AC00B9223D /* VSBaseViewController.m */ = {isa = PBXFileReference; fileEncoding = 4; lastKnownFileType = sourcecode.c.objc; path = VSBaseViewController.m; sourceTree = "<group>"; };
		C94C76F91E1C97A500B9223D /* VSNetworkDataConstructor.h */ = {isa = PBXFileReference; fileEncoding = 4; lastKnownFileType = sourcecode.c.h; path = VSNetworkDataConstructor.h; sourceTree = "<group>"; };
		C94C76FA1E1C97A500B9223D /* VSNetworkDataConstructor.m */ = {isa = PBXFileReference; fileEncoding = 4; lastKnownFileType = sourcecode.c.objc; path = VSNetworkDataConstructor.m; sourceTree = "<group>"; };
		C94C76FD1E1C9EF300B9223D /* VSNetworkTableViewController.h */ = {isa = PBXFileReference; fileEncoding = 4; lastKnownFileType = sourcecode.c.h; path = VSNetworkTableViewController.h; sourceTree = "<group>"; };
		C94C76FE1E1C9EF300B9223D /* VSNetworkTableViewController.m */ = {isa = PBXFileReference; fileEncoding = 4; lastKnownFileType = sourcecode.c.objc; path = VSNetworkTableViewController.m; sourceTree = "<group>"; };
		C94C77001E1C9F3200B9223D /* VSNetworkMyConstructor.h */ = {isa = PBXFileReference; fileEncoding = 4; lastKnownFileType = sourcecode.c.h; path = VSNetworkMyConstructor.h; sourceTree = "<group>"; };
		C94C77011E1C9F3200B9223D /* VSNetworkMyConstructor.m */ = {isa = PBXFileReference; fileEncoding = 4; lastKnownFileType = sourcecode.c.objc; path = VSNetworkMyConstructor.m; sourceTree = "<group>"; };
		C94C86831E276123008AA49F /* VSIBImageView.h */ = {isa = PBXFileReference; fileEncoding = 4; lastKnownFileType = sourcecode.c.h; path = VSIBImageView.h; sourceTree = "<group>"; };
		C94C86841E276123008AA49F /* VSIBImageView.m */ = {isa = PBXFileReference; fileEncoding = 4; lastKnownFileType = sourcecode.c.objc; path = VSIBImageView.m; sourceTree = "<group>"; };
		C94C86851E276123008AA49F /* VSIBBroswerView.h */ = {isa = PBXFileReference; fileEncoding = 4; lastKnownFileType = sourcecode.c.h; path = VSIBBroswerView.h; sourceTree = "<group>"; };
		C94C86861E276123008AA49F /* VSIBBroswerView.m */ = {isa = PBXFileReference; fileEncoding = 4; lastKnownFileType = sourcecode.c.objc; path = VSIBBroswerView.m; sourceTree = "<group>"; };
		C94C86871E276123008AA49F /* VSIBCollectionViewCell.h */ = {isa = PBXFileReference; fileEncoding = 4; lastKnownFileType = sourcecode.c.h; path = VSIBCollectionViewCell.h; sourceTree = "<group>"; };
		C94C86881E276123008AA49F /* VSIBCollectionViewCell.m */ = {isa = PBXFileReference; fileEncoding = 4; lastKnownFileType = sourcecode.c.objc; path = VSIBCollectionViewCell.m; sourceTree = "<group>"; };
		C94C868C1E276129008AA49F /* UIView+VSIBExtension.h */ = {isa = PBXFileReference; fileEncoding = 4; lastKnownFileType = sourcecode.c.h; path = "UIView+VSIBExtension.h"; sourceTree = "<group>"; };
		C94C868D1E276129008AA49F /* UIView+VSIBExtension.m */ = {isa = PBXFileReference; fileEncoding = 4; lastKnownFileType = sourcecode.c.objc; path = "UIView+VSIBExtension.m"; sourceTree = "<group>"; };
		C94C86901E276190008AA49F /* ImageBrowserViewController.h */ = {isa = PBXFileReference; fileEncoding = 4; lastKnownFileType = sourcecode.c.h; path = ImageBrowserViewController.h; sourceTree = "<group>"; };
		C94C86911E276190008AA49F /* ImageBrowserViewController.m */ = {isa = PBXFileReference; fileEncoding = 4; lastKnownFileType = sourcecode.c.objc; path = ImageBrowserViewController.m; sourceTree = "<group>"; };
		C94C86941E2761C5008AA49F /* 火影01.png */ = {isa = PBXFileReference; lastKnownFileType = image.png; path = "火影01.png"; sourceTree = "<group>"; };
		C94C86951E2761C5008AA49F /* 火影02.png */ = {isa = PBXFileReference; lastKnownFileType = image.png; path = "火影02.png"; sourceTree = "<group>"; };
		C94C86961E2761C5008AA49F /* 火影03.png */ = {isa = PBXFileReference; lastKnownFileType = image.png; path = "火影03.png"; sourceTree = "<group>"; };
		C94C86971E2761C5008AA49F /* 火影04.png */ = {isa = PBXFileReference; lastKnownFileType = image.png; path = "火影04.png"; sourceTree = "<group>"; };
		C94C86981E2761C5008AA49F /* 火影05.png */ = {isa = PBXFileReference; lastKnownFileType = image.png; path = "火影05.png"; sourceTree = "<group>"; };
		C94C869F1E28A842008AA49F /* VSRouter.h */ = {isa = PBXFileReference; fileEncoding = 4; lastKnownFileType = sourcecode.c.h; path = VSRouter.h; sourceTree = "<group>"; };
		C94C86A01E28A842008AA49F /* VSRouter.m */ = {isa = PBXFileReference; fileEncoding = 4; lastKnownFileType = sourcecode.c.objc; path = VSRouter.m; sourceTree = "<group>"; };
		C95FBFA51E260F9E004A196C /* VSMVVMViewController.h */ = {isa = PBXFileReference; fileEncoding = 4; lastKnownFileType = sourcecode.c.h; path = VSMVVMViewController.h; sourceTree = "<group>"; };
		C95FBFA61E260F9E004A196C /* VSMVVMViewController.m */ = {isa = PBXFileReference; fileEncoding = 4; lastKnownFileType = sourcecode.c.objc; path = VSMVVMViewController.m; sourceTree = "<group>"; };
		C95FBFB21E2612C6004A196C /* VSMVVMModel.h */ = {isa = PBXFileReference; fileEncoding = 4; lastKnownFileType = sourcecode.c.h; path = VSMVVMModel.h; sourceTree = "<group>"; };
		C95FBFB31E2612C6004A196C /* VSMVVMModel.m */ = {isa = PBXFileReference; fileEncoding = 4; lastKnownFileType = sourcecode.c.objc; path = VSMVVMModel.m; sourceTree = "<group>"; };
		C95FBFB51E2612C6004A196C /* VSMVVMViewModel.h */ = {isa = PBXFileReference; fileEncoding = 4; lastKnownFileType = sourcecode.c.h; path = VSMVVMViewModel.h; sourceTree = "<group>"; };
		C95FBFB61E2612C6004A196C /* VSMVVMViewModel.m */ = {isa = PBXFileReference; fileEncoding = 4; lastKnownFileType = sourcecode.c.objc; path = VSMVVMViewModel.m; sourceTree = "<group>"; };
		C95FBFB81E2612C6004A196C /* VSMVVMView.h */ = {isa = PBXFileReference; fileEncoding = 4; lastKnownFileType = sourcecode.c.h; path = VSMVVMView.h; sourceTree = "<group>"; };
		C95FBFB91E2612C6004A196C /* VSMVVMView.m */ = {isa = PBXFileReference; fileEncoding = 4; lastKnownFileType = sourcecode.c.objc; path = VSMVVMView.m; sourceTree = "<group>"; };
		C97AEC061DDD73A800586B80 /* VSSheetView.h */ = {isa = PBXFileReference; fileEncoding = 4; lastKnownFileType = sourcecode.c.h; path = VSSheetView.h; sourceTree = "<group>"; };
		C97AEC071DDD73A800586B80 /* VSSheetView.m */ = {isa = PBXFileReference; fileEncoding = 4; lastKnownFileType = sourcecode.c.objc; path = VSSheetView.m; sourceTree = "<group>"; };
		C9ACEF4B1DF8111700F84905 /* NSMutableAttributedString+Category.h */ = {isa = PBXFileReference; fileEncoding = 4; lastKnownFileType = sourcecode.c.h; path = "NSMutableAttributedString+Category.h"; sourceTree = "<group>"; };
		C9ACEF4C1DF8111700F84905 /* NSMutableAttributedString+Category.m */ = {isa = PBXFileReference; fileEncoding = 4; lastKnownFileType = sourcecode.c.objc; path = "NSMutableAttributedString+Category.m"; sourceTree = "<group>"; };
		C9B70ED71E03EB1F003E3285 /* VSConfig.h */ = {isa = PBXFileReference; fileEncoding = 4; lastKnownFileType = sourcecode.c.h; path = VSConfig.h; sourceTree = "<group>"; };
		C9B70ED81E03EB1F003E3285 /* VSConfig.m */ = {isa = PBXFileReference; fileEncoding = 4; lastKnownFileType = sourcecode.c.objc; path = VSConfig.m; sourceTree = "<group>"; };
		C9EE86301DEA79CF0045B889 /* VSButtonTableViewCell.h */ = {isa = PBXFileReference; fileEncoding = 4; lastKnownFileType = sourcecode.c.h; path = VSButtonTableViewCell.h; sourceTree = "<group>"; };
		C9EE86311DEA79CF0045B889 /* VSButtonTableViewCell.m */ = {isa = PBXFileReference; fileEncoding = 4; lastKnownFileType = sourcecode.c.objc; path = VSButtonTableViewCell.m; sourceTree = "<group>"; };
		C9F9FE3E1DE03B3F00339937 /* VSNormalDataConstructor.h */ = {isa = PBXFileReference; fileEncoding = 4; lastKnownFileType = sourcecode.c.h; path = VSNormalDataConstructor.h; sourceTree = "<group>"; };
		C9F9FE3F1DE03B3F00339937 /* VSNormalDataConstructor.m */ = {isa = PBXFileReference; fileEncoding = 4; lastKnownFileType = sourcecode.c.objc; path = VSNormalDataConstructor.m; sourceTree = "<group>"; };
		C9F9FE421DE03B7700339937 /* VSTableViewController.h */ = {isa = PBXFileReference; fileEncoding = 4; lastKnownFileType = sourcecode.c.h; path = VSTableViewController.h; sourceTree = "<group>"; };
		C9F9FE431DE03B7700339937 /* VSTableViewController.m */ = {isa = PBXFileReference; fileEncoding = 4; lastKnownFileType = sourcecode.c.objc; path = VSTableViewController.m; sourceTree = "<group>"; };
		C9F9FE461DE03DE900339937 /* VSTableView.h */ = {isa = PBXFileReference; fileEncoding = 4; lastKnownFileType = sourcecode.c.h; path = VSTableView.h; sourceTree = "<group>"; };
		C9F9FE471DE03DE900339937 /* VSTableView.m */ = {isa = PBXFileReference; fileEncoding = 4; lastKnownFileType = sourcecode.c.objc; path = VSTableView.m; sourceTree = "<group>"; };
		C9F9FE4A1DE03ED300339937 /* VSTableAdaptor.h */ = {isa = PBXFileReference; fileEncoding = 4; lastKnownFileType = sourcecode.c.h; path = VSTableAdaptor.h; sourceTree = "<group>"; };
		C9F9FE4B1DE03ED300339937 /* VSTableAdaptor.m */ = {isa = PBXFileReference; fileEncoding = 4; lastKnownFileType = sourcecode.c.objc; path = VSTableAdaptor.m; sourceTree = "<group>"; };
		C9F9FE4D1DE044C900339937 /* VSEmptyTableViewCell.h */ = {isa = PBXFileReference; fileEncoding = 4; lastKnownFileType = sourcecode.c.h; path = VSEmptyTableViewCell.h; sourceTree = "<group>"; };
		C9F9FE4E1DE044C900339937 /* VSEmptyTableViewCell.m */ = {isa = PBXFileReference; fileEncoding = 4; lastKnownFileType = sourcecode.c.objc; path = VSEmptyTableViewCell.m; sourceTree = "<group>"; };
		C9F9FE501DE04D1E00339937 /* VSTBViewConstructor.h */ = {isa = PBXFileReference; fileEncoding = 4; lastKnownFileType = sourcecode.c.h; path = VSTBViewConstructor.h; sourceTree = "<group>"; };
		C9F9FE511DE04D1E00339937 /* VSTBViewConstructor.m */ = {isa = PBXFileReference; fileEncoding = 4; lastKnownFileType = sourcecode.c.objc; path = VSTBViewConstructor.m; sourceTree = "<group>"; };
		C9F9FE561DE05FF700339937 /* VSBaseTableViewCell.h */ = {isa = PBXFileReference; fileEncoding = 4; lastKnownFileType = sourcecode.c.h; path = VSBaseTableViewCell.h; sourceTree = "<group>"; };
		C9F9FE571DE05FF700339937 /* VSBaseTableViewCell.m */ = {isa = PBXFileReference; fileEncoding = 4; lastKnownFileType = sourcecode.c.objc; path = VSBaseTableViewCell.m; sourceTree = "<group>"; };
		C9F9FE5C1DE0888B00339937 /* VSTB.h */ = {isa = PBXFileReference; fileEncoding = 4; lastKnownFileType = sourcecode.c.h; path = VSTB.h; sourceTree = "<group>"; };
		C9F9FE601DE131EF00339937 /* VSTitleDetailTableViewCell.h */ = {isa = PBXFileReference; fileEncoding = 4; lastKnownFileType = sourcecode.c.h; path = VSTitleDetailTableViewCell.h; sourceTree = "<group>"; };
		C9F9FE611DE131EF00339937 /* VSTitleDetailTableViewCell.m */ = {isa = PBXFileReference; fileEncoding = 4; lastKnownFileType = sourcecode.c.objc; path = VSTitleDetailTableViewCell.m; sourceTree = "<group>"; };
		C9F9FE651DE185E000339937 /* VSTitleImageTableViewCell.h */ = {isa = PBXFileReference; fileEncoding = 4; lastKnownFileType = sourcecode.c.h; path = VSTitleImageTableViewCell.h; sourceTree = "<group>"; };
		C9F9FE661DE185E000339937 /* VSTitleImageTableViewCell.m */ = {isa = PBXFileReference; fileEncoding = 4; lastKnownFileType = sourcecode.c.objc; path = VSTitleImageTableViewCell.m; sourceTree = "<group>"; };
		C9F9FE6B1DE18FCE00339937 /* VSTitleTableViewCell.h */ = {isa = PBXFileReference; fileEncoding = 4; lastKnownFileType = sourcecode.c.h; path = VSTitleTableViewCell.h; sourceTree = "<group>"; };
		C9F9FE6C1DE18FCE00339937 /* VSTitleTableViewCell.m */ = {isa = PBXFileReference; fileEncoding = 4; lastKnownFileType = sourcecode.c.objc; path = VSTitleTableViewCell.m; sourceTree = "<group>"; };
		C9F9FE711DE1D21D00339937 /* VSTitleFieldTableViewCell.h */ = {isa = PBXFileReference; fileEncoding = 4; lastKnownFileType = sourcecode.c.h; path = VSTitleFieldTableViewCell.h; sourceTree = "<group>"; };
		C9F9FE721DE1D21D00339937 /* VSTitleFieldTableViewCell.m */ = {isa = PBXFileReference; fileEncoding = 4; lastKnownFileType = sourcecode.c.objc; path = VSTitleFieldTableViewCell.m; sourceTree = "<group>"; };
		C9F9FE751DE1DEDA00339937 /* VSTextField.h */ = {isa = PBXFileReference; fileEncoding = 4; lastKnownFileType = sourcecode.c.h; path = VSTextField.h; sourceTree = "<group>"; };
		C9F9FE761DE1DEDA00339937 /* VSTextField.m */ = {isa = PBXFileReference; fileEncoding = 4; lastKnownFileType = sourcecode.c.objc; path = VSTextField.m; sourceTree = "<group>"; };
		C9FDFB151DDA9B24009DBD67 /* .gitkeep */ = {isa = PBXFileReference; fileEncoding = 4; lastKnownFileType = text; path = .gitkeep; sourceTree = "<group>"; };
		C9FDFB171DDA9B24009DBD67 /* .gitkeep */ = {isa = PBXFileReference; fileEncoding = 4; lastKnownFileType = text; path = .gitkeep; sourceTree = "<group>"; };
		C9FDFB1E1DDA9BED009DBD67 /* VSAlertView.h */ = {isa = PBXFileReference; fileEncoding = 4; lastKnownFileType = sourcecode.c.h; path = VSAlertView.h; sourceTree = "<group>"; };
		C9FDFB1F1DDA9BED009DBD67 /* VSAlertView.m */ = {isa = PBXFileReference; fileEncoding = 4; lastKnownFileType = sourcecode.c.objc; path = VSAlertView.m; sourceTree = "<group>"; };
		F9CA23C259D0F24E2163E151 /* Pods-VisionUIKit_Example.debug.xcconfig */ = {isa = PBXFileReference; includeInIndex = 1; lastKnownFileType = text.xcconfig; name = "Pods-VisionUIKit_Example.debug.xcconfig"; path = "Pods/Target Support Files/Pods-VisionUIKit_Example/Pods-VisionUIKit_Example.debug.xcconfig"; sourceTree = "<group>"; };
		FF6BE3CB83BCD8B37C3C69D4 /* Pods_VisionUIKit_Example.framework */ = {isa = PBXFileReference; explicitFileType = wrapper.framework; includeInIndex = 0; path = Pods_VisionUIKit_Example.framework; sourceTree = BUILT_PRODUCTS_DIR; };
/* End PBXFileReference section */

/* Begin PBXFrameworksBuildPhase section */
		6003F587195388D20070C39A /* Frameworks */ = {
			isa = PBXFrameworksBuildPhase;
			buildActionMask = 2147483647;
			files = (
				6003F590195388D20070C39A /* CoreGraphics.framework in Frameworks */,
				6003F592195388D20070C39A /* UIKit.framework in Frameworks */,
				6003F58E195388D20070C39A /* Foundation.framework in Frameworks */,
				9493CEB58A379AA6F8CE5540 /* Pods_VisionUIKit_Example.framework in Frameworks */,
			);
			runOnlyForDeploymentPostprocessing = 0;
		};
		6003F5AB195388D20070C39A /* Frameworks */ = {
			isa = PBXFrameworksBuildPhase;
			buildActionMask = 2147483647;
			files = (
				6003F5B0195388D20070C39A /* XCTest.framework in Frameworks */,
				6003F5B2195388D20070C39A /* UIKit.framework in Frameworks */,
				6003F5B1195388D20070C39A /* Foundation.framework in Frameworks */,
				D081A594312E94AA05DBFA60 /* Pods_VisionUIKit_Tests.framework in Frameworks */,
			);
			runOnlyForDeploymentPostprocessing = 0;
		};
/* End PBXFrameworksBuildPhase section */

/* Begin PBXGroup section */
		01545BDC06B3B9C316817BAF /* Pods */ = {
			isa = PBXGroup;
			children = (
				F9CA23C259D0F24E2163E151 /* Pods-VisionUIKit_Example.debug.xcconfig */,
				78CB533053448306D88E1D3F /* Pods-VisionUIKit_Example.release.xcconfig */,
				37A5ED92BE9AD5DAA7361A02 /* Pods-VisionUIKit_Tests.debug.xcconfig */,
				B651BC6B56631F5AA77527E3 /* Pods-VisionUIKit_Tests.release.xcconfig */,
			);
			name = Pods;
			sourceTree = "<group>";
		};
		6003F581195388D10070C39A = {
			isa = PBXGroup;
			children = (
				C9FDFB131DDA9B24009DBD67 /* VisionUIKit */,
				60FF7A9C1954A5C5007DD14C /* Podspec Metadata */,
				6003F593195388D20070C39A /* Example for VisionUIKit */,
				6003F5B5195388D20070C39A /* Tests */,
				6003F58C195388D20070C39A /* Frameworks */,
				6003F58B195388D20070C39A /* Products */,
				01545BDC06B3B9C316817BAF /* Pods */,
			);
			sourceTree = "<group>";
		};
		6003F58B195388D20070C39A /* Products */ = {
			isa = PBXGroup;
			children = (
				6003F58A195388D20070C39A /* VisionUIKit_Example.app */,
				6003F5AE195388D20070C39A /* VisionUIKit_Tests.xctest */,
			);
			name = Products;
			sourceTree = "<group>";
		};
		6003F58C195388D20070C39A /* Frameworks */ = {
			isa = PBXGroup;
			children = (
				6003F58D195388D20070C39A /* Foundation.framework */,
				6003F58F195388D20070C39A /* CoreGraphics.framework */,
				6003F591195388D20070C39A /* UIKit.framework */,
				6003F5AF195388D20070C39A /* XCTest.framework */,
				FF6BE3CB83BCD8B37C3C69D4 /* Pods_VisionUIKit_Example.framework */,
				077230F12419746E25C4D3FB /* Pods_VisionUIKit_Tests.framework */,
			);
			name = Frameworks;
			sourceTree = "<group>";
		};
		6003F593195388D20070C39A /* Example for VisionUIKit */ = {
			isa = PBXGroup;
			children = (
				C912E6D51E0F51B30011C89E /* MJExtension */,
				C9ACEF4B1DF8111700F84905 /* NSMutableAttributedString+Category.h */,
				C9ACEF4C1DF8111700F84905 /* NSMutableAttributedString+Category.m */,
				873B8AEA1B1F5CCA007FD442 /* Main.storyboard */,
				6003F59C195388D20070C39A /* VSAppDelegate.h */,
				6003F59D195388D20070C39A /* VSAppDelegate.m */,
				C93344211E21107C000B0041 /* VSMyTabViewController.h */,
				C93344221E21107C000B0041 /* VSMyTabViewController.m */,
				6003F5A5195388D20070C39A /* VSHomeViewController.h */,
				6003F5A6195388D20070C39A /* VSHomeViewController.m */,
				C912E6D21E0E89710011C89E /* VSMenuViewController.h */,
				C912E6D31E0E89710011C89E /* VSMenuViewController.m */,
				C94C868F1E276188008AA49F /* ImageBrowser */,
				C9F9FE411DE03B5F00339937 /* TableView */,
				C94C76FC1E1C9ECA00B9223D /* NetworkTableView */,
				C95FBFA41E260F89004A196C /* MVVM */,
				6003F5A8195388D20070C39A /* Images.xcassets */,
				6003F594195388D20070C39A /* Supporting Files */,
			);
			name = "Example for VisionUIKit";
			path = VisionUIKit;
			sourceTree = "<group>";
		};
		6003F594195388D20070C39A /* Supporting Files */ = {
			isa = PBXGroup;
			children = (
				6003F595195388D20070C39A /* VisionUIKit-Info.plist */,
				6003F596195388D20070C39A /* InfoPlist.strings */,
				6003F599195388D20070C39A /* main.m */,
				6003F59B195388D20070C39A /* VisionUIKit-Prefix.pch */,
			);
			name = "Supporting Files";
			sourceTree = "<group>";
		};
		6003F5B5195388D20070C39A /* Tests */ = {
			isa = PBXGroup;
			children = (
				6003F5BB195388D20070C39A /* Tests.m */,
				6003F5B6195388D20070C39A /* Supporting Files */,
			);
			path = Tests;
			sourceTree = "<group>";
		};
		6003F5B6195388D20070C39A /* Supporting Files */ = {
			isa = PBXGroup;
			children = (
				6003F5B7195388D20070C39A /* Tests-Info.plist */,
				6003F5B8195388D20070C39A /* InfoPlist.strings */,
				606FC2411953D9B200FFA9A0 /* Tests-Prefix.pch */,
			);
			name = "Supporting Files";
			sourceTree = "<group>";
		};
		60FF7A9C1954A5C5007DD14C /* Podspec Metadata */ = {
			isa = PBXGroup;
			children = (
				8DD3A8DA59E4695583A7F78C /* VisionUIKit.podspec */,
				79618101804A40EC98D5E84D /* README.md */,
				1D0A778E6BF7DAE48E80D037 /* LICENSE */,
			);
			name = "Podspec Metadata";
			sourceTree = "<group>";
		};
		C912E6D51E0F51B30011C89E /* MJExtension */ = {
			isa = PBXGroup;
			children = (
				C912E6D61E0F51C70011C89E /* VSUser.h */,
				C912E6D71E0F51C70011C89E /* VSUser.m */,
			);
			path = MJExtension;
			sourceTree = "<group>";
		};
		C9289B7F1E13AA9800F83DCD /* Picker */ = {
			isa = PBXGroup;
			children = (
				C9289B801E13AA9800F83DCD /* PhotoPicker */,
			);
			path = Picker;
			sourceTree = "<group>";
		};
		C9289B801E13AA9800F83DCD /* PhotoPicker */ = {
			isa = PBXGroup;
			children = (
				C9289B811E13AAC400F83DCD /* VSPhotoPickerViewController.h */,
				C9289B821E13AAC400F83DCD /* VSPhotoPickerViewController.m */,
				C9289B841E13B2C000F83DCD /* VSPhotoCollectionViewCell.h */,
				C9289B851E13B2C000F83DCD /* VSPhotoCollectionViewCell.m */,
			);
			path = PhotoPicker;
			sourceTree = "<group>";
		};
		C92C8F411E03C272002CFFF1 /* Core */ = {
			isa = PBXGroup;
			children = (
				C94C869E1E28A820008AA49F /* Service */,
				C92C8F511E03C2F6002CFFF1 /* Network */,
				C92C8F421E03C295002CFFF1 /* Models */,
				C92C8F4B1E03C295002CFFF1 /* Protocol */,
			);
			path = Core;
			sourceTree = "<group>";
		};
		C92C8F421E03C295002CFFF1 /* Models */ = {
			isa = PBXGroup;
			children = (
				C92C8F431E03C295002CFFF1 /* VSDataModel.h */,
				C92C8F441E03C295002CFFF1 /* VSDataModel.m */,
				C92C8F451E03C295002CFFF1 /* VSErrorDataModel.h */,
				C92C8F461E03C295002CFFF1 /* VSErrorDataModel.m */,
				C92C8F471E03C295002CFFF1 /* VSUserDataModel.h */,
				C92C8F481E03C295002CFFF1 /* VSUserDataModel.m */,
				C92C8F491E03C295002CFFF1 /* VSViewModel.h */,
				C92C8F4A1E03C295002CFFF1 /* VSViewModel.m */,
			);
			path = Models;
			sourceTree = "<group>";
		};
		C92C8F4B1E03C295002CFFF1 /* Protocol */ = {
			isa = PBXGroup;
			children = (
				C92C8F4C1E03C295002CFFF1 /* VSSerializedProtocol.h */,
			);
			path = Protocol;
			sourceTree = "<group>";
		};
		C92C8F511E03C2F6002CFFF1 /* Network */ = {
			isa = PBXGroup;
			children = (
				C92C8F521E03C95B002CFFF1 /* VSHttpClient.h */,
				C92C8F531E03C95B002CFFF1 /* VSHttpClient.m */,
			);
			path = Network;
			sourceTree = "<group>";
		};
		C93344101E20E90E000B0041 /* Categories */ = {
			isa = PBXGroup;
			children = (
				C93344111E20E92F000B0041 /* NSBundle+VisionUIKit.h */,
				C93344121E20E92F000B0041 /* NSBundle+VisionUIKit.m */,
				C93344171E20F46C000B0041 /* UIImage+Bundle.h */,
				C93344181E20F46C000B0041 /* UIImage+Bundle.m */,
			);
			path = Categories;
			sourceTree = "<group>";
		};
		C93344241E21E31D000B0041 /* TabBar */ = {
			isa = PBXGroup;
			children = (
				C93344251E21E328000B0041 /* UITabBar+Swizzling.h */,
				C93344261E21E328000B0041 /* UITabBar+Swizzling.m */,
			);
			path = TabBar;
			sourceTree = "<group>";
		};
		C94A79041DF568AF003F8BFF /* InputView */ = {
			isa = PBXGroup;
			children = (
				C94A79051DF568E4003F8BFF /* VSInputManager.h */,
				C94A79061DF568E4003F8BFF /* VSInputManager.m */,
			);
			path = InputView;
			sourceTree = "<group>";
		};
		C94C76E71E1B80A800B9223D /* Base */ = {
			isa = PBXGroup;
			children = (
				C93344241E21E31D000B0041 /* TabBar */,
				C94C76EE1E1B86AC00B9223D /* Controllers */,
			);
			path = Base;
			sourceTree = "<group>";
		};
		C94C76EE1E1B86AC00B9223D /* Controllers */ = {
			isa = PBXGroup;
			children = (
				C94C76EF1E1B86AC00B9223D /* VSBaseTableViewController.h */,
				C94C76F01E1B86AC00B9223D /* VSBaseTableViewController.m */,
				C94C76F11E1B86AC00B9223D /* VSBaseViewController.h */,
				C94C76F21E1B86AC00B9223D /* VSBaseViewController.m */,
				C933441E1E210F84000B0041 /* VSBaseTabBarController.h */,
				C933441F1E210F84000B0041 /* VSBaseTabBarController.m */,
			);
			path = Controllers;
			sourceTree = "<group>";
		};
		C94C76FC1E1C9ECA00B9223D /* NetworkTableView */ = {
			isa = PBXGroup;
			children = (
				C94C76FD1E1C9EF300B9223D /* VSNetworkTableViewController.h */,
				C94C76FE1E1C9EF300B9223D /* VSNetworkTableViewController.m */,
				C94C77001E1C9F3200B9223D /* VSNetworkMyConstructor.h */,
				C94C77011E1C9F3200B9223D /* VSNetworkMyConstructor.m */,
				C923A4DF1E1E232500F7A92B /* VSNetUser.h */,
				C923A4E01E1E232500F7A92B /* VSNetUser.m */,
			);
			path = NetworkTableView;
			sourceTree = "<group>";
		};
		C94C86821E276102008AA49F /* ImagesBrowser */ = {
			isa = PBXGroup;
			children = (
				C94C86851E276123008AA49F /* VSIBBroswerView.h */,
				C94C86861E276123008AA49F /* VSIBBroswerView.m */,
				C94C868C1E276129008AA49F /* UIView+VSIBExtension.h */,
				C94C868D1E276129008AA49F /* UIView+VSIBExtension.m */,
				C94C86831E276123008AA49F /* VSIBImageView.h */,
				C94C86841E276123008AA49F /* VSIBImageView.m */,
				C94C86871E276123008AA49F /* VSIBCollectionViewCell.h */,
				C94C86881E276123008AA49F /* VSIBCollectionViewCell.m */,
			);
			path = ImagesBrowser;
			sourceTree = "<group>";
		};
		C94C868F1E276188008AA49F /* ImageBrowser */ = {
			isa = PBXGroup;
			children = (
				C94C86931E2761C5008AA49F /* images */,
				C94C86901E276190008AA49F /* ImageBrowserViewController.h */,
				C94C86911E276190008AA49F /* ImageBrowserViewController.m */,
			);
			path = ImageBrowser;
			sourceTree = "<group>";
		};
		C94C86931E2761C5008AA49F /* images */ = {
			isa = PBXGroup;
			children = (
				C94C86941E2761C5008AA49F /* 火影01.png */,
				C94C86951E2761C5008AA49F /* 火影02.png */,
				C94C86961E2761C5008AA49F /* 火影03.png */,
				C94C86971E2761C5008AA49F /* 火影04.png */,
				C94C86981E2761C5008AA49F /* 火影05.png */,
			);
			path = images;
			sourceTree = "<group>";
		};
		C94C869E1E28A820008AA49F /* Service */ = {
			isa = PBXGroup;
			children = (
				C94C869F1E28A842008AA49F /* VSRouter.h */,
				C94C86A01E28A842008AA49F /* VSRouter.m */,
			);
			path = Service;
			sourceTree = "<group>";
		};
		C95FBFA41E260F89004A196C /* MVVM */ = {
			isa = PBXGroup;
			children = (
				C95FBFB11E2612C6004A196C /* Models */,
				C95FBFB41E2612C6004A196C /* ViewModels */,
				C95FBFB71E2612C6004A196C /* Views */,
				C95FBFA51E260F9E004A196C /* VSMVVMViewController.h */,
				C95FBFA61E260F9E004A196C /* VSMVVMViewController.m */,
			);
			path = MVVM;
			sourceTree = "<group>";
		};
		C95FBFB11E2612C6004A196C /* Models */ = {
			isa = PBXGroup;
			children = (
				C95FBFB21E2612C6004A196C /* VSMVVMModel.h */,
				C95FBFB31E2612C6004A196C /* VSMVVMModel.m */,
			);
			path = Models;
			sourceTree = "<group>";
		};
		C95FBFB41E2612C6004A196C /* ViewModels */ = {
			isa = PBXGroup;
			children = (
				C95FBFB51E2612C6004A196C /* VSMVVMViewModel.h */,
				C95FBFB61E2612C6004A196C /* VSMVVMViewModel.m */,
			);
			path = ViewModels;
			sourceTree = "<group>";
		};
		C95FBFB71E2612C6004A196C /* Views */ = {
			isa = PBXGroup;
			children = (
				C95FBFB81E2612C6004A196C /* VSMVVMView.h */,
				C95FBFB91E2612C6004A196C /* VSMVVMView.m */,
			);
			path = Views;
			sourceTree = "<group>";
		};
		C9B70ED61E03EAE9003E3285 /* Config */ = {
			isa = PBXGroup;
			children = (
				C9B70ED71E03EB1F003E3285 /* VSConfig.h */,
				C9B70ED81E03EB1F003E3285 /* VSConfig.m */,
			);
			path = Config;
			sourceTree = "<group>";
		};
		C9F9FE311DE0394800339937 /* TableView */ = {
			isa = PBXGroup;
			children = (
				C9F9FE5C1DE0888B00339937 /* VSTB.h */,
				C9F9FE451DE03DCA00339937 /* TableView */,
				C9F9FE361DE03A8600339937 /* TableViewDataConstructor */,
				C9F9FE351DE03A5500339937 /* TableViewCell */,
				C9F9FE491DE03EBF00339937 /* TableViewDelegate */,
			);
			path = TableView;
			sourceTree = "<group>";
		};
		C9F9FE351DE03A5500339937 /* TableViewCell */ = {
			isa = PBXGroup;
			children = (
				C9F9FE561DE05FF700339937 /* VSBaseTableViewCell.h */,
				C9F9FE571DE05FF700339937 /* VSBaseTableViewCell.m */,
				C9F9FE4D1DE044C900339937 /* VSEmptyTableViewCell.h */,
				C9F9FE4E1DE044C900339937 /* VSEmptyTableViewCell.m */,
				C9F9FE601DE131EF00339937 /* VSTitleDetailTableViewCell.h */,
				C9F9FE611DE131EF00339937 /* VSTitleDetailTableViewCell.m */,
				C9F9FE711DE1D21D00339937 /* VSTitleFieldTableViewCell.h */,
				C9F9FE721DE1D21D00339937 /* VSTitleFieldTableViewCell.m */,
				C9F9FE651DE185E000339937 /* VSTitleImageTableViewCell.h */,
				C9F9FE661DE185E000339937 /* VSTitleImageTableViewCell.m */,
				C9F9FE6B1DE18FCE00339937 /* VSTitleTableViewCell.h */,
				C9F9FE6C1DE18FCE00339937 /* VSTitleTableViewCell.m */,
				C9EE86301DEA79CF0045B889 /* VSButtonTableViewCell.h */,
				C9EE86311DEA79CF0045B889 /* VSButtonTableViewCell.m */,
			);
			path = TableViewCell;
			sourceTree = "<group>";
		};
		C9F9FE361DE03A8600339937 /* TableViewDataConstructor */ = {
			isa = PBXGroup;
			children = (
				C9F9FE3E1DE03B3F00339937 /* VSNormalDataConstructor.h */,
				C9F9FE3F1DE03B3F00339937 /* VSNormalDataConstructor.m */,
				C94C76F91E1C97A500B9223D /* VSNetworkDataConstructor.h */,
				C94C76FA1E1C97A500B9223D /* VSNetworkDataConstructor.m */,
			);
			path = TableViewDataConstructor;
			sourceTree = "<group>";
		};
		C9F9FE411DE03B5F00339937 /* TableView */ = {
			isa = PBXGroup;
			children = (
				C9F9FE421DE03B7700339937 /* VSTableViewController.h */,
				C9F9FE431DE03B7700339937 /* VSTableViewController.m */,
				C9F9FE501DE04D1E00339937 /* VSTBViewConstructor.h */,
				C9F9FE511DE04D1E00339937 /* VSTBViewConstructor.m */,
			);
			path = TableView;
			sourceTree = "<group>";
		};
		C9F9FE451DE03DCA00339937 /* TableView */ = {
			isa = PBXGroup;
			children = (
				C9F9FE461DE03DE900339937 /* VSTableView.h */,
				C9F9FE471DE03DE900339937 /* VSTableView.m */,
			);
			path = TableView;
			sourceTree = "<group>";
		};
		C9F9FE491DE03EBF00339937 /* TableViewDelegate */ = {
			isa = PBXGroup;
			children = (
				C9F9FE4A1DE03ED300339937 /* VSTableAdaptor.h */,
				C9F9FE4B1DE03ED300339937 /* VSTableAdaptor.m */,
			);
			path = TableViewDelegate;
			sourceTree = "<group>";
		};
		C9F9FE741DE1DEBE00339937 /* TextField */ = {
			isa = PBXGroup;
			children = (
				C9F9FE751DE1DEDA00339937 /* VSTextField.h */,
				C9F9FE761DE1DEDA00339937 /* VSTextField.m */,
			);
			path = TextField;
			sourceTree = "<group>";
		};
		C9FDFB131DDA9B24009DBD67 /* VisionUIKit */ = {
			isa = PBXGroup;
			children = (
				C9FDFB141DDA9B24009DBD67 /* Assets */,
				C9FDFB161DDA9B24009DBD67 /* Classes */,
			);
			name = VisionUIKit;
			path = ../VisionUIKit;
			sourceTree = "<group>";
		};
		C9FDFB141DDA9B24009DBD67 /* Assets */ = {
			isa = PBXGroup;
			children = (
				C9FDFB151DDA9B24009DBD67 /* .gitkeep */,
				C933440E1E20E810000B0041 /* VisionUIKit.bundle */,
			);
			path = Assets;
			sourceTree = "<group>";
		};
		C9FDFB161DDA9B24009DBD67 /* Classes */ = {
			isa = PBXGroup;
			children = (
				C9FDFB171DDA9B24009DBD67 /* .gitkeep */,
				C93344101E20E90E000B0041 /* Categories */,
				C9B70ED61E03EAE9003E3285 /* Config */,
				C92C8F411E03C272002CFFF1 /* Core */,
				C9FDFB1C1DDA9BD2009DBD67 /* UIKit */,
			);
			path = Classes;
			sourceTree = "<group>";
		};
		C9FDFB1C1DDA9BD2009DBD67 /* UIKit */ = {
			isa = PBXGroup;
			children = (
				C94C76E71E1B80A800B9223D /* Base */,
				C9289B7F1E13AA9800F83DCD /* Picker */,
				C94C86821E276102008AA49F /* ImagesBrowser */,
				C94A79041DF568AF003F8BFF /* InputView */,
				C9F9FE311DE0394800339937 /* TableView */,
				C9FDFB1D1DDA9BD2009DBD67 /* AlertView */,
				C9F9FE741DE1DEBE00339937 /* TextField */,
			);
			path = UIKit;
			sourceTree = "<group>";
		};
		C9FDFB1D1DDA9BD2009DBD67 /* AlertView */ = {
			isa = PBXGroup;
			children = (
				C9FDFB1E1DDA9BED009DBD67 /* VSAlertView.h */,
				C9FDFB1F1DDA9BED009DBD67 /* VSAlertView.m */,
				C97AEC061DDD73A800586B80 /* VSSheetView.h */,
				C97AEC071DDD73A800586B80 /* VSSheetView.m */,
			);
			path = AlertView;
			sourceTree = "<group>";
		};
/* End PBXGroup section */

/* Begin PBXNativeTarget section */
		6003F589195388D20070C39A /* VisionUIKit_Example */ = {
			isa = PBXNativeTarget;
			buildConfigurationList = 6003F5BF195388D20070C39A /* Build configuration list for PBXNativeTarget "VisionUIKit_Example" */;
			buildPhases = (
				FEA7FC7A4BE7A3355A077101 /* [CP] Check Pods Manifest.lock */,
				6003F586195388D20070C39A /* Sources */,
				6003F587195388D20070C39A /* Frameworks */,
				6003F588195388D20070C39A /* Resources */,
				4DF41B7B39FC87BD3B4B9390 /* [CP] Embed Pods Frameworks */,
				D2402487AAB16FF4EE87FC61 /* [CP] Copy Pods Resources */,
			);
			buildRules = (
			);
			dependencies = (
			);
			name = VisionUIKit_Example;
			productName = VisionUIKit;
			productReference = 6003F58A195388D20070C39A /* VisionUIKit_Example.app */;
			productType = "com.apple.product-type.application";
		};
		6003F5AD195388D20070C39A /* VisionUIKit_Tests */ = {
			isa = PBXNativeTarget;
			buildConfigurationList = 6003F5C2195388D20070C39A /* Build configuration list for PBXNativeTarget "VisionUIKit_Tests" */;
			buildPhases = (
				DEE1352B830C313D90AD5C82 /* [CP] Check Pods Manifest.lock */,
				6003F5AA195388D20070C39A /* Sources */,
				6003F5AB195388D20070C39A /* Frameworks */,
				6003F5AC195388D20070C39A /* Resources */,
				2D05BF799EC8B65CBEA1D13C /* [CP] Embed Pods Frameworks */,
				3D17C7E6FEECECACD469F82B /* [CP] Copy Pods Resources */,
			);
			buildRules = (
			);
			dependencies = (
				6003F5B4195388D20070C39A /* PBXTargetDependency */,
			);
			name = VisionUIKit_Tests;
			productName = VisionUIKitTests;
			productReference = 6003F5AE195388D20070C39A /* VisionUIKit_Tests.xctest */;
			productType = "com.apple.product-type.bundle.unit-test";
		};
/* End PBXNativeTarget section */

/* Begin PBXProject section */
		6003F582195388D10070C39A /* Project object */ = {
			isa = PBXProject;
			attributes = {
				CLASSPREFIX = VS;
				LastUpgradeCheck = 0720;
				ORGANIZATIONNAME = "Deju Liu";
				TargetAttributes = {
					6003F589195388D20070C39A = {
						DevelopmentTeam = TX942DZTXP;
					};
					6003F5AD195388D20070C39A = {
						TestTargetID = 6003F589195388D20070C39A;
					};
				};
			};
			buildConfigurationList = 6003F585195388D10070C39A /* Build configuration list for PBXProject "VisionUIKit" */;
			compatibilityVersion = "Xcode 3.2";
			developmentRegion = English;
			hasScannedForEncodings = 0;
			knownRegions = (
				en,
				Base,
			);
			mainGroup = 6003F581195388D10070C39A;
			productRefGroup = 6003F58B195388D20070C39A /* Products */;
			projectDirPath = "";
			projectRoot = "";
			targets = (
				6003F589195388D20070C39A /* VisionUIKit_Example */,
				6003F5AD195388D20070C39A /* VisionUIKit_Tests */,
			);
		};
/* End PBXProject section */

/* Begin PBXResourcesBuildPhase section */
		6003F588195388D20070C39A /* Resources */ = {
			isa = PBXResourcesBuildPhase;
			buildActionMask = 2147483647;
			files = (
				873B8AEB1B1F5CCA007FD442 /* Main.storyboard in Resources */,
				C94C869D1E2761C5008AA49F /* 火影05.png in Resources */,
				C94C869A1E2761C5008AA49F /* 火影02.png in Resources */,
				6003F5A9195388D20070C39A /* Images.xcassets in Resources */,
				C94C869C1E2761C5008AA49F /* 火影04.png in Resources */,
				C9FDFB1A1DDA9B24009DBD67 /* .gitkeep in Resources */,
				6003F598195388D20070C39A /* InfoPlist.strings in Resources */,
				C94C86991E2761C5008AA49F /* 火影01.png in Resources */,
				C9FDFB191DDA9B24009DBD67 /* .gitkeep in Resources */,
				C933440F1E20E810000B0041 /* VisionUIKit.bundle in Resources */,
				C94C869B1E2761C5008AA49F /* 火影03.png in Resources */,
			);
			runOnlyForDeploymentPostprocessing = 0;
		};
		6003F5AC195388D20070C39A /* Resources */ = {
			isa = PBXResourcesBuildPhase;
			buildActionMask = 2147483647;
			files = (
				6003F5BA195388D20070C39A /* InfoPlist.strings in Resources */,
			);
			runOnlyForDeploymentPostprocessing = 0;
		};
/* End PBXResourcesBuildPhase section */

/* Begin PBXShellScriptBuildPhase section */
		2D05BF799EC8B65CBEA1D13C /* [CP] Embed Pods Frameworks */ = {
			isa = PBXShellScriptBuildPhase;
			buildActionMask = 2147483647;
			files = (
			);
			inputPaths = (
			);
			name = "[CP] Embed Pods Frameworks";
			outputPaths = (
			);
			runOnlyForDeploymentPostprocessing = 0;
			shellPath = /bin/sh;
			shellScript = "\"${SRCROOT}/Pods/Target Support Files/Pods-VisionUIKit_Tests/Pods-VisionUIKit_Tests-frameworks.sh\"\n";
			showEnvVarsInLog = 0;
		};
		3D17C7E6FEECECACD469F82B /* [CP] Copy Pods Resources */ = {
			isa = PBXShellScriptBuildPhase;
			buildActionMask = 2147483647;
			files = (
			);
			inputPaths = (
			);
			name = "[CP] Copy Pods Resources";
			outputPaths = (
			);
			runOnlyForDeploymentPostprocessing = 0;
			shellPath = /bin/sh;
			shellScript = "\"${SRCROOT}/Pods/Target Support Files/Pods-VisionUIKit_Tests/Pods-VisionUIKit_Tests-resources.sh\"\n";
			showEnvVarsInLog = 0;
		};
		4DF41B7B39FC87BD3B4B9390 /* [CP] Embed Pods Frameworks */ = {
			isa = PBXShellScriptBuildPhase;
			buildActionMask = 2147483647;
			files = (
			);
			inputPaths = (
			);
			name = "[CP] Embed Pods Frameworks";
			outputPaths = (
			);
			runOnlyForDeploymentPostprocessing = 0;
			shellPath = /bin/sh;
			shellScript = "\"${SRCROOT}/Pods/Target Support Files/Pods-VisionUIKit_Example/Pods-VisionUIKit_Example-frameworks.sh\"\n";
			showEnvVarsInLog = 0;
		};
		D2402487AAB16FF4EE87FC61 /* [CP] Copy Pods Resources */ = {
			isa = PBXShellScriptBuildPhase;
			buildActionMask = 2147483647;
			files = (
			);
			inputPaths = (
			);
			name = "[CP] Copy Pods Resources";
			outputPaths = (
			);
			runOnlyForDeploymentPostprocessing = 0;
			shellPath = /bin/sh;
			shellScript = "\"${SRCROOT}/Pods/Target Support Files/Pods-VisionUIKit_Example/Pods-VisionUIKit_Example-resources.sh\"\n";
			showEnvVarsInLog = 0;
		};
		DEE1352B830C313D90AD5C82 /* [CP] Check Pods Manifest.lock */ = {
			isa = PBXShellScriptBuildPhase;
			buildActionMask = 2147483647;
			files = (
			);
			inputPaths = (
			);
			name = "[CP] Check Pods Manifest.lock";
			outputPaths = (
			);
			runOnlyForDeploymentPostprocessing = 0;
			shellPath = /bin/sh;
			shellScript = "diff \"${PODS_ROOT}/../Podfile.lock\" \"${PODS_ROOT}/Manifest.lock\" > /dev/null\nif [ $? != 0 ] ; then\n    # print error to STDERR\n    echo \"error: The sandbox is not in sync with the Podfile.lock. Run 'pod install' or update your CocoaPods installation.\" >&2\n    exit 1\nfi\n";
			showEnvVarsInLog = 0;
		};
		FEA7FC7A4BE7A3355A077101 /* [CP] Check Pods Manifest.lock */ = {
			isa = PBXShellScriptBuildPhase;
			buildActionMask = 2147483647;
			files = (
			);
			inputPaths = (
			);
			name = "[CP] Check Pods Manifest.lock";
			outputPaths = (
			);
			runOnlyForDeploymentPostprocessing = 0;
			shellPath = /bin/sh;
			shellScript = "diff \"${PODS_ROOT}/../Podfile.lock\" \"${PODS_ROOT}/Manifest.lock\" > /dev/null\nif [ $? != 0 ] ; then\n    # print error to STDERR\n    echo \"error: The sandbox is not in sync with the Podfile.lock. Run 'pod install' or update your CocoaPods installation.\" >&2\n    exit 1\nfi\n";
			showEnvVarsInLog = 0;
		};
/* End PBXShellScriptBuildPhase section */

/* Begin PBXSourcesBuildPhase section */
		6003F586195388D20070C39A /* Sources */ = {
			isa = PBXSourcesBuildPhase;
			buildActionMask = 2147483647;
			files = (
				C94C76FB1E1C97A500B9223D /* VSNetworkDataConstructor.m in Sources */,
				C94C868B1E276123008AA49F /* VSIBCollectionViewCell.m in Sources */,
				C9F9FE731DE1D21D00339937 /* VSTitleFieldTableViewCell.m in Sources */,
				C9FDFB201DDA9BED009DBD67 /* VSAlertView.m in Sources */,
				C94C76FF1E1C9EF300B9223D /* VSNetworkTableViewController.m in Sources */,
				C9289B831E13AAC400F83DCD /* VSPhotoPickerViewController.m in Sources */,
				C94C86891E276123008AA49F /* VSIBImageView.m in Sources */,
				C92C8F4D1E03C295002CFFF1 /* VSDataModel.m in Sources */,
				C9F9FE4F1DE044C900339937 /* VSEmptyTableViewCell.m in Sources */,
				C93344191E20F46C000B0041 /* UIImage+Bundle.m in Sources */,
				C9F9FE441DE03B7700339937 /* VSTableViewController.m in Sources */,
				C912E6D81E0F51C70011C89E /* VSUser.m in Sources */,
				C92C8F541E03C95B002CFFF1 /* VSHttpClient.m in Sources */,
				C95FBFBB1E2612C6004A196C /* VSMVVMViewModel.m in Sources */,
				C9F9FE481DE03DE900339937 /* VSTableView.m in Sources */,
				C94C77021E1C9F3200B9223D /* VSNetworkMyConstructor.m in Sources */,
				C9F9FE401DE03B3F00339937 /* VSNormalDataConstructor.m in Sources */,
				C93344131E20E92F000B0041 /* NSBundle+VisionUIKit.m in Sources */,
				C923A4E11E1E232500F7A92B /* VSNetUser.m in Sources */,
				C9F9FE6D1DE18FCE00339937 /* VSTitleTableViewCell.m in Sources */,
				C9F9FE671DE185E000339937 /* VSTitleImageTableViewCell.m in Sources */,
				C92C8F4E1E03C295002CFFF1 /* VSErrorDataModel.m in Sources */,
				6003F59E195388D20070C39A /* VSAppDelegate.m in Sources */,
				C9289B861E13B2C000F83DCD /* VSPhotoCollectionViewCell.m in Sources */,
				C94C86921E276190008AA49F /* ImageBrowserViewController.m in Sources */,
				C94C868E1E276129008AA49F /* UIView+VSIBExtension.m in Sources */,
				C95FBFA71E260F9E004A196C /* VSMVVMViewController.m in Sources */,
				C9EE86321DEA79CF0045B889 /* VSButtonTableViewCell.m in Sources */,
				C94A79071DF568E4003F8BFF /* VSInputManager.m in Sources */,
				6003F5A7195388D20070C39A /* VSHomeViewController.m in Sources */,
				C93344271E21E328000B0041 /* UITabBar+Swizzling.m in Sources */,
				C9F9FE771DE1DEDA00339937 /* VSTextField.m in Sources */,
				C95FBFBA1E2612C6004A196C /* VSMVVMModel.m in Sources */,
				C9F9FE521DE04D1E00339937 /* VSTBViewConstructor.m in Sources */,
				C94C76F51E1B86AC00B9223D /* VSBaseViewController.m in Sources */,
				C9F9FE4C1DE03ED300339937 /* VSTableAdaptor.m in Sources */,
				C95FBFBC1E2612C6004A196C /* VSMVVMView.m in Sources */,
				C9F9FE581DE05FF700339937 /* VSBaseTableViewCell.m in Sources */,
				C94C86A11E28A842008AA49F /* VSRouter.m in Sources */,
				C9F9FE621DE131EF00339937 /* VSTitleDetailTableViewCell.m in Sources */,
				C92C8F501E03C295002CFFF1 /* VSViewModel.m in Sources */,
				6003F59A195388D20070C39A /* main.m in Sources */,
				C93344201E210F84000B0041 /* VSBaseTabBarController.m in Sources */,
				C94C868A1E276123008AA49F /* VSIBBroswerView.m in Sources */,
				C9B70ED91E03EB1F003E3285 /* VSConfig.m in Sources */,
				C9ACEF4D1DF8111700F84905 /* NSMutableAttributedString+Category.m in Sources */,
				C97AEC081DDD73A800586B80 /* VSSheetView.m in Sources */,
				C94C76F41E1B86AC00B9223D /* VSBaseTableViewController.m in Sources */,
				C912E6D41E0E89710011C89E /* VSMenuViewController.m in Sources */,
				C92C8F4F1E03C295002CFFF1 /* VSUserDataModel.m in Sources */,
				C93344231E21107C000B0041 /* VSMyTabViewController.m in Sources */,
			);
			runOnlyForDeploymentPostprocessing = 0;
		};
		6003F5AA195388D20070C39A /* Sources */ = {
			isa = PBXSourcesBuildPhase;
			buildActionMask = 2147483647;
			files = (
				6003F5BC195388D20070C39A /* Tests.m in Sources */,
			);
			runOnlyForDeploymentPostprocessing = 0;
		};
/* End PBXSourcesBuildPhase section */

/* Begin PBXTargetDependency section */
		6003F5B4195388D20070C39A /* PBXTargetDependency */ = {
			isa = PBXTargetDependency;
			target = 6003F589195388D20070C39A /* VisionUIKit_Example */;
			targetProxy = 6003F5B3195388D20070C39A /* PBXContainerItemProxy */;
		};
/* End PBXTargetDependency section */

/* Begin PBXVariantGroup section */
		6003F596195388D20070C39A /* InfoPlist.strings */ = {
			isa = PBXVariantGroup;
			children = (
				6003F597195388D20070C39A /* en */,
			);
			name = InfoPlist.strings;
			sourceTree = "<group>";
		};
		6003F5B8195388D20070C39A /* InfoPlist.strings */ = {
			isa = PBXVariantGroup;
			children = (
				6003F5B9195388D20070C39A /* en */,
			);
			name = InfoPlist.strings;
			sourceTree = "<group>";
		};
/* End PBXVariantGroup section */

/* Begin XCBuildConfiguration section */
		6003F5BD195388D20070C39A /* Debug */ = {
			isa = XCBuildConfiguration;
			buildSettings = {
				ALWAYS_SEARCH_USER_PATHS = NO;
				CLANG_CXX_LANGUAGE_STANDARD = "gnu++0x";
				CLANG_CXX_LIBRARY = "libc++";
				CLANG_ENABLE_MODULES = YES;
				CLANG_ENABLE_OBJC_ARC = YES;
				CLANG_WARN_BOOL_CONVERSION = YES;
				CLANG_WARN_CONSTANT_CONVERSION = YES;
				CLANG_WARN_DIRECT_OBJC_ISA_USAGE = YES_ERROR;
				CLANG_WARN_EMPTY_BODY = YES;
				CLANG_WARN_ENUM_CONVERSION = YES;
				CLANG_WARN_INT_CONVERSION = YES;
				CLANG_WARN_OBJC_ROOT_CLASS = YES_ERROR;
				CLANG_WARN__DUPLICATE_METHOD_MATCH = YES;
				"CODE_SIGN_IDENTITY[sdk=iphoneos*]" = "iPhone Developer";
				COPY_PHASE_STRIP = NO;
				ENABLE_TESTABILITY = YES;
				GCC_C_LANGUAGE_STANDARD = gnu99;
				GCC_DYNAMIC_NO_PIC = NO;
				GCC_OPTIMIZATION_LEVEL = 0;
				GCC_PREPROCESSOR_DEFINITIONS = (
					"DEBUG=1",
					"$(inherited)",
				);
				GCC_SYMBOLS_PRIVATE_EXTERN = NO;
				GCC_WARN_64_TO_32_BIT_CONVERSION = YES;
				GCC_WARN_ABOUT_RETURN_TYPE = YES_ERROR;
				GCC_WARN_UNDECLARED_SELECTOR = YES;
				GCC_WARN_UNINITIALIZED_AUTOS = YES_AGGRESSIVE;
				GCC_WARN_UNUSED_FUNCTION = YES;
				GCC_WARN_UNUSED_VARIABLE = YES;
				IPHONEOS_DEPLOYMENT_TARGET = 8.3;
				ONLY_ACTIVE_ARCH = YES;
				SDKROOT = iphoneos;
				TARGETED_DEVICE_FAMILY = "1,2";
			};
			name = Debug;
		};
		6003F5BE195388D20070C39A /* Release */ = {
			isa = XCBuildConfiguration;
			buildSettings = {
				ALWAYS_SEARCH_USER_PATHS = NO;
				CLANG_CXX_LANGUAGE_STANDARD = "gnu++0x";
				CLANG_CXX_LIBRARY = "libc++";
				CLANG_ENABLE_MODULES = YES;
				CLANG_ENABLE_OBJC_ARC = YES;
				CLANG_WARN_BOOL_CONVERSION = YES;
				CLANG_WARN_CONSTANT_CONVERSION = YES;
				CLANG_WARN_DIRECT_OBJC_ISA_USAGE = YES_ERROR;
				CLANG_WARN_EMPTY_BODY = YES;
				CLANG_WARN_ENUM_CONVERSION = YES;
				CLANG_WARN_INT_CONVERSION = YES;
				CLANG_WARN_OBJC_ROOT_CLASS = YES_ERROR;
				CLANG_WARN__DUPLICATE_METHOD_MATCH = YES;
				"CODE_SIGN_IDENTITY[sdk=iphoneos*]" = "iPhone Developer";
				COPY_PHASE_STRIP = YES;
				ENABLE_NS_ASSERTIONS = NO;
				GCC_C_LANGUAGE_STANDARD = gnu99;
				GCC_WARN_64_TO_32_BIT_CONVERSION = YES;
				GCC_WARN_ABOUT_RETURN_TYPE = YES_ERROR;
				GCC_WARN_UNDECLARED_SELECTOR = YES;
				GCC_WARN_UNINITIALIZED_AUTOS = YES_AGGRESSIVE;
				GCC_WARN_UNUSED_FUNCTION = YES;
				GCC_WARN_UNUSED_VARIABLE = YES;
				IPHONEOS_DEPLOYMENT_TARGET = 8.3;
				SDKROOT = iphoneos;
				TARGETED_DEVICE_FAMILY = "1,2";
				VALIDATE_PRODUCT = YES;
			};
			name = Release;
		};
		6003F5C0195388D20070C39A /* Debug */ = {
			isa = XCBuildConfiguration;
			baseConfigurationReference = F9CA23C259D0F24E2163E151 /* Pods-VisionUIKit_Example.debug.xcconfig */;
			buildSettings = {
				ALWAYS_SEARCH_USER_PATHS = YES;
				ASSETCATALOG_COMPILER_APPICON_NAME = AppIcon;
				ASSETCATALOG_COMPILER_LAUNCHIMAGE_NAME = LaunchImage;
				CLANG_ALLOW_NON_MODULAR_INCLUDES_IN_FRAMEWORK_MODULES = YES;
				DEVELOPMENT_TEAM = TX942DZTXP;
				GCC_PRECOMPILE_PREFIX_HEADER = YES;
				GCC_PREFIX_HEADER = "VisionUIKit/VisionUIKit-Prefix.pch";
				HEADER_SEARCH_PATHS = "${SRCROOT}/**";
				INFOPLIST_FILE = "VisionUIKit/VisionUIKit-Info.plist";
				IPHONEOS_DEPLOYMENT_TARGET = 8.0;
				MODULE_NAME = ExampleApp;
				PRODUCT_BUNDLE_IDENTIFIER = "org.cocoapods.demo.${PRODUCT_NAME:rfc1034identifier}";
				PRODUCT_NAME = "$(TARGET_NAME)";
				TARGETED_DEVICE_FAMILY = 1;
				USER_HEADER_SEARCH_PATHS = "${SRCROOT}/**";
				WRAPPER_EXTENSION = app;
			};
			name = Debug;
		};
		6003F5C1195388D20070C39A /* Release */ = {
			isa = XCBuildConfiguration;
			baseConfigurationReference = 78CB533053448306D88E1D3F /* Pods-VisionUIKit_Example.release.xcconfig */;
			buildSettings = {
				ALWAYS_SEARCH_USER_PATHS = YES;
				ASSETCATALOG_COMPILER_APPICON_NAME = AppIcon;
				ASSETCATALOG_COMPILER_LAUNCHIMAGE_NAME = LaunchImage;
				CLANG_ALLOW_NON_MODULAR_INCLUDES_IN_FRAMEWORK_MODULES = YES;
				DEVELOPMENT_TEAM = TX942DZTXP;
				GCC_PRECOMPILE_PREFIX_HEADER = YES;
				GCC_PREFIX_HEADER = "VisionUIKit/VisionUIKit-Prefix.pch";
				HEADER_SEARCH_PATHS = "${SRCROOT}/**";
				INFOPLIST_FILE = "VisionUIKit/VisionUIKit-Info.plist";
				IPHONEOS_DEPLOYMENT_TARGET = 8.0;
				MODULE_NAME = ExampleApp;
				PRODUCT_BUNDLE_IDENTIFIER = "org.cocoapods.demo.${PRODUCT_NAME:rfc1034identifier}";
				PRODUCT_NAME = "$(TARGET_NAME)";
				TARGETED_DEVICE_FAMILY = 1;
				USER_HEADER_SEARCH_PATHS = "${SRCROOT}/**";
				WRAPPER_EXTENSION = app;
			};
			name = Release;
		};
		6003F5C3195388D20070C39A /* Debug */ = {
			isa = XCBuildConfiguration;
			baseConfigurationReference = 37A5ED92BE9AD5DAA7361A02 /* Pods-VisionUIKit_Tests.debug.xcconfig */;
			buildSettings = {
				BUNDLE_LOADER = "$(TEST_HOST)";
				FRAMEWORK_SEARCH_PATHS = (
					"$(SDKROOT)/Developer/Library/Frameworks",
					"$(inherited)",
					"$(DEVELOPER_FRAMEWORKS_DIR)",
				);
				GCC_PRECOMPILE_PREFIX_HEADER = YES;
				GCC_PREFIX_HEADER = "Tests/Tests-Prefix.pch";
				GCC_PREPROCESSOR_DEFINITIONS = (
					"DEBUG=1",
					"$(inherited)",
				);
				INFOPLIST_FILE = "Tests/Tests-Info.plist";
				PRODUCT_BUNDLE_IDENTIFIER = "org.cocoapods.demo.${PRODUCT_NAME:rfc1034identifier}";
				PRODUCT_NAME = "$(TARGET_NAME)";
				TEST_HOST = "$(BUILT_PRODUCTS_DIR)/VisionUIKit_Example.app/VisionUIKit_Example";
				WRAPPER_EXTENSION = xctest;
			};
			name = Debug;
		};
		6003F5C4195388D20070C39A /* Release */ = {
			isa = XCBuildConfiguration;
			baseConfigurationReference = B651BC6B56631F5AA77527E3 /* Pods-VisionUIKit_Tests.release.xcconfig */;
			buildSettings = {
				BUNDLE_LOADER = "$(TEST_HOST)";
				FRAMEWORK_SEARCH_PATHS = (
					"$(SDKROOT)/Developer/Library/Frameworks",
					"$(inherited)",
					"$(DEVELOPER_FRAMEWORKS_DIR)",
				);
				GCC_PRECOMPILE_PREFIX_HEADER = YES;
				GCC_PREFIX_HEADER = "Tests/Tests-Prefix.pch";
				INFOPLIST_FILE = "Tests/Tests-Info.plist";
				PRODUCT_BUNDLE_IDENTIFIER = "org.cocoapods.demo.${PRODUCT_NAME:rfc1034identifier}";
				PRODUCT_NAME = "$(TARGET_NAME)";
				TEST_HOST = "$(BUILT_PRODUCTS_DIR)/VisionUIKit_Example.app/VisionUIKit_Example";
				WRAPPER_EXTENSION = xctest;
			};
			name = Release;
		};
/* End XCBuildConfiguration section */

/* Begin XCConfigurationList section */
		6003F585195388D10070C39A /* Build configuration list for PBXProject "VisionUIKit" */ = {
			isa = XCConfigurationList;
			buildConfigurations = (
				6003F5BD195388D20070C39A /* Debug */,
				6003F5BE195388D20070C39A /* Release */,
			);
			defaultConfigurationIsVisible = 0;
			defaultConfigurationName = Release;
		};
		6003F5BF195388D20070C39A /* Build configuration list for PBXNativeTarget "VisionUIKit_Example" */ = {
			isa = XCConfigurationList;
			buildConfigurations = (
				6003F5C0195388D20070C39A /* Debug */,
				6003F5C1195388D20070C39A /* Release */,
			);
			defaultConfigurationIsVisible = 0;
			defaultConfigurationName = Release;
		};
		6003F5C2195388D20070C39A /* Build configuration list for PBXNativeTarget "VisionUIKit_Tests" */ = {
			isa = XCConfigurationList;
			buildConfigurations = (
				6003F5C3195388D20070C39A /* Debug */,
				6003F5C4195388D20070C39A /* Release */,
			);
			defaultConfigurationIsVisible = 0;
			defaultConfigurationName = Release;
		};
/* End XCConfigurationList section */
	};
	rootObject = 6003F582195388D10070C39A /* Project object */;
}
